// !$*UTF8*$!
{
	archiveVersion = 1;
	classes = {
	};
	objectVersion = 55;
	objects = {

/* Begin PBXBuildFile section */
		46219E96282713550043A3AC /* BaseService.swift in Sources */ = {isa = PBXBuildFile; fileRef = 46219E95282713550043A3AC /* BaseService.swift */; };
		46219E982827147B0043A3AC /* RegisterView.swift in Sources */ = {isa = PBXBuildFile; fileRef = 46219E972827147B0043A3AC /* RegisterView.swift */; };
		46219E9B2827E4C50043A3AC /* LoginView.swift in Sources */ = {isa = PBXBuildFile; fileRef = 46219E9A2827E4C50043A3AC /* LoginView.swift */; };
		46219E9E2827EB9F0043A3AC /* CustomButton.swift in Sources */ = {isa = PBXBuildFile; fileRef = 46219E9D2827EB9F0043A3AC /* CustomButton.swift */; };
		46500B6C282318330000AC60 /* AppDelegate.swift in Sources */ = {isa = PBXBuildFile; fileRef = 46500B6B282318330000AC60 /* AppDelegate.swift */; };
		46500B6E282318330000AC60 /* SceneDelegate.swift in Sources */ = {isa = PBXBuildFile; fileRef = 46500B6D282318330000AC60 /* SceneDelegate.swift */; };
		46500B73282318330000AC60 /* Main.storyboard in Resources */ = {isa = PBXBuildFile; fileRef = 46500B71282318330000AC60 /* Main.storyboard */; };
		46500B75282318340000AC60 /* Assets.xcassets in Resources */ = {isa = PBXBuildFile; fileRef = 46500B74282318340000AC60 /* Assets.xcassets */; };
		46500B78282318340000AC60 /* LaunchScreen.storyboard in Resources */ = {isa = PBXBuildFile; fileRef = 46500B76282318340000AC60 /* LaunchScreen.storyboard */; };
		46500B86282319CD0000AC60 /* BaseController.swift in Sources */ = {isa = PBXBuildFile; fileRef = 46500B85282319CD0000AC60 /* BaseController.swift */; };
		46500B8828231C3F0000AC60 /* FeedController.swift in Sources */ = {isa = PBXBuildFile; fileRef = 46500B8728231C3F0000AC60 /* FeedController.swift */; };
		46500B8A28231C8D0000AC60 /* ExploreController.swift in Sources */ = {isa = PBXBuildFile; fileRef = 46500B8928231C8D0000AC60 /* ExploreController.swift */; };
		46500B8C28231C980000AC60 /* NotificationController.swift in Sources */ = {isa = PBXBuildFile; fileRef = 46500B8B28231C980000AC60 /* NotificationController.swift */; };
		46500B8E28231CA90000AC60 /* ConversationsController.swift in Sources */ = {isa = PBXBuildFile; fileRef = 46500B8D28231CA90000AC60 /* ConversationsController.swift */; };
		46500B91282335A80000AC60 /* UIViewExtensions.swift in Sources */ = {isa = PBXBuildFile; fileRef = 46500B90282335A80000AC60 /* UIViewExtensions.swift */; };
		4672026528259AA700571BB2 /* GoogleService-Info.plist in Resources */ = {isa = PBXBuildFile; fileRef = 4672026428259AA600571BB2 /* GoogleService-Info.plist */; };
		4672026828259F8900571BB2 /* FirebaseAuth in Frameworks */ = {isa = PBXBuildFile; productRef = 4672026728259F8900571BB2 /* FirebaseAuth */; };
		4672026A28259F8900571BB2 /* FirebaseDatabase in Frameworks */ = {isa = PBXBuildFile; productRef = 4672026928259F8900571BB2 /* FirebaseDatabase */; };
		4672026C28259F8900571BB2 /* FirebaseStorage in Frameworks */ = {isa = PBXBuildFile; productRef = 4672026B28259F8900571BB2 /* FirebaseStorage */; };
		4672026F2825AEE400571BB2 /* RegisterService.swift in Sources */ = {isa = PBXBuildFile; fileRef = 4672026E2825AEE400571BB2 /* RegisterService.swift */; };
		467202722825AEFC00571BB2 /* RegisterServiceProtocol.swift in Sources */ = {isa = PBXBuildFile; fileRef = 467202712825AEFC00571BB2 /* RegisterServiceProtocol.swift */; };
		467202752825B4F300571BB2 /* RegisterViewModel.swift in Sources */ = {isa = PBXBuildFile; fileRef = 467202742825B4F300571BB2 /* RegisterViewModel.swift */; };
		467202772825D58A00571BB2 /* Constants.swift in Sources */ = {isa = PBXBuildFile; fileRef = 467202762825D58A00571BB2 /* Constants.swift */; };
		467880D728268BE000604160 /* LoginService.swift in Sources */ = {isa = PBXBuildFile; fileRef = 467880D628268BE000604160 /* LoginService.swift */; };
		467880D928268BEA00604160 /* LoginServiceProtocol.swift in Sources */ = {isa = PBXBuildFile; fileRef = 467880D828268BEA00604160 /* LoginServiceProtocol.swift */; };
		467880DB28268DDD00604160 /* LoginViewModel.swift in Sources */ = {isa = PBXBuildFile; fileRef = 467880DA28268DDD00604160 /* LoginViewModel.swift */; };
		467880DD2826914B00604160 /* BaseViewModel.swift in Sources */ = {isa = PBXBuildFile; fileRef = 467880DC2826914B00604160 /* BaseViewModel.swift */; };
		467880E22826917700604160 /* BaseServiceProtocol.swift in Sources */ = {isa = PBXBuildFile; fileRef = 467880E12826917700604160 /* BaseServiceProtocol.swift */; };
		469ABA84282462C900357D00 /* UIColorExtensions.swift in Sources */ = {isa = PBXBuildFile; fileRef = 469ABA83282462C900357D00 /* UIColorExtensions.swift */; };
		469ABA87282464CE00357D00 /* RegisterController.swift in Sources */ = {isa = PBXBuildFile; fileRef = 469ABA86282464CE00357D00 /* RegisterController.swift */; };
		469ABA89282464DA00357D00 /* LoginController.swift in Sources */ = {isa = PBXBuildFile; fileRef = 469ABA88282464DA00357D00 /* LoginController.swift */; };
		469ABA8C28246EFB00357D00 /* Utilities.swift in Sources */ = {isa = PBXBuildFile; fileRef = 469ABA8B28246EFB00357D00 /* Utilities.swift */; };
/* End PBXBuildFile section */

/* Begin PBXFileReference section */
		46219E95282713550043A3AC /* BaseService.swift */ = {isa = PBXFileReference; lastKnownFileType = sourcecode.swift; path = BaseService.swift; sourceTree = "<group>"; };
		46219E972827147B0043A3AC /* RegisterView.swift */ = {isa = PBXFileReference; lastKnownFileType = sourcecode.swift; path = RegisterView.swift; sourceTree = "<group>"; };
		46219E9A2827E4C50043A3AC /* LoginView.swift */ = {isa = PBXFileReference; lastKnownFileType = sourcecode.swift; path = LoginView.swift; sourceTree = "<group>"; };
		46219E9D2827EB9F0043A3AC /* CustomButton.swift */ = {isa = PBXFileReference; lastKnownFileType = sourcecode.swift; path = CustomButton.swift; sourceTree = "<group>"; };
		46500B68282318330000AC60 /* Twitter-Clone-UIKit.app */ = {isa = PBXFileReference; explicitFileType = wrapper.application; includeInIndex = 0; path = "Twitter-Clone-UIKit.app"; sourceTree = BUILT_PRODUCTS_DIR; };
		46500B6B282318330000AC60 /* AppDelegate.swift */ = {isa = PBXFileReference; lastKnownFileType = sourcecode.swift; path = AppDelegate.swift; sourceTree = "<group>"; };
		46500B6D282318330000AC60 /* SceneDelegate.swift */ = {isa = PBXFileReference; lastKnownFileType = sourcecode.swift; path = SceneDelegate.swift; sourceTree = "<group>"; };
		46500B72282318330000AC60 /* Base */ = {isa = PBXFileReference; lastKnownFileType = file.storyboard; name = Base; path = Base.lproj/Main.storyboard; sourceTree = "<group>"; };
		46500B74282318340000AC60 /* Assets.xcassets */ = {isa = PBXFileReference; lastKnownFileType = folder.assetcatalog; path = Assets.xcassets; sourceTree = "<group>"; };
		46500B77282318340000AC60 /* Base */ = {isa = PBXFileReference; lastKnownFileType = file.storyboard; name = Base; path = Base.lproj/LaunchScreen.storyboard; sourceTree = "<group>"; };
		46500B79282318340000AC60 /* Info.plist */ = {isa = PBXFileReference; lastKnownFileType = text.plist.xml; path = Info.plist; sourceTree = "<group>"; };
		46500B85282319CD0000AC60 /* BaseController.swift */ = {isa = PBXFileReference; lastKnownFileType = sourcecode.swift; path = BaseController.swift; sourceTree = "<group>"; };
		46500B8728231C3F0000AC60 /* FeedController.swift */ = {isa = PBXFileReference; lastKnownFileType = sourcecode.swift; path = FeedController.swift; sourceTree = "<group>"; };
		46500B8928231C8D0000AC60 /* ExploreController.swift */ = {isa = PBXFileReference; lastKnownFileType = sourcecode.swift; path = ExploreController.swift; sourceTree = "<group>"; };
		46500B8B28231C980000AC60 /* NotificationController.swift */ = {isa = PBXFileReference; lastKnownFileType = sourcecode.swift; path = NotificationController.swift; sourceTree = "<group>"; };
		46500B8D28231CA90000AC60 /* ConversationsController.swift */ = {isa = PBXFileReference; lastKnownFileType = sourcecode.swift; path = ConversationsController.swift; sourceTree = "<group>"; };
		46500B90282335A80000AC60 /* UIViewExtensions.swift */ = {isa = PBXFileReference; lastKnownFileType = sourcecode.swift; path = UIViewExtensions.swift; sourceTree = "<group>"; };
		4672026428259AA600571BB2 /* GoogleService-Info.plist */ = {isa = PBXFileReference; fileEncoding = 4; lastKnownFileType = text.plist.xml; path = "GoogleService-Info.plist"; sourceTree = "<group>"; };
		4672026E2825AEE400571BB2 /* RegisterService.swift */ = {isa = PBXFileReference; lastKnownFileType = sourcecode.swift; path = RegisterService.swift; sourceTree = "<group>"; };
		467202712825AEFC00571BB2 /* RegisterServiceProtocol.swift */ = {isa = PBXFileReference; lastKnownFileType = sourcecode.swift; path = RegisterServiceProtocol.swift; sourceTree = "<group>"; };
		467202742825B4F300571BB2 /* RegisterViewModel.swift */ = {isa = PBXFileReference; lastKnownFileType = sourcecode.swift; path = RegisterViewModel.swift; sourceTree = "<group>"; };
		467202762825D58A00571BB2 /* Constants.swift */ = {isa = PBXFileReference; lastKnownFileType = sourcecode.swift; path = Constants.swift; sourceTree = "<group>"; };
		467880D628268BE000604160 /* LoginService.swift */ = {isa = PBXFileReference; lastKnownFileType = sourcecode.swift; path = LoginService.swift; sourceTree = "<group>"; };
		467880D828268BEA00604160 /* LoginServiceProtocol.swift */ = {isa = PBXFileReference; lastKnownFileType = sourcecode.swift; path = LoginServiceProtocol.swift; sourceTree = "<group>"; };
		467880DA28268DDD00604160 /* LoginViewModel.swift */ = {isa = PBXFileReference; lastKnownFileType = sourcecode.swift; path = LoginViewModel.swift; sourceTree = "<group>"; };
		467880DC2826914B00604160 /* BaseViewModel.swift */ = {isa = PBXFileReference; lastKnownFileType = sourcecode.swift; path = BaseViewModel.swift; sourceTree = "<group>"; };
		467880E12826917700604160 /* BaseServiceProtocol.swift */ = {isa = PBXFileReference; lastKnownFileType = sourcecode.swift; path = BaseServiceProtocol.swift; sourceTree = "<group>"; };
		469ABA83282462C900357D00 /* UIColorExtensions.swift */ = {isa = PBXFileReference; lastKnownFileType = sourcecode.swift; path = UIColorExtensions.swift; sourceTree = "<group>"; };
		469ABA86282464CE00357D00 /* RegisterController.swift */ = {isa = PBXFileReference; lastKnownFileType = sourcecode.swift; path = RegisterController.swift; sourceTree = "<group>"; };
		469ABA88282464DA00357D00 /* LoginController.swift */ = {isa = PBXFileReference; lastKnownFileType = sourcecode.swift; path = LoginController.swift; sourceTree = "<group>"; };
		469ABA8B28246EFB00357D00 /* Utilities.swift */ = {isa = PBXFileReference; lastKnownFileType = sourcecode.swift; path = Utilities.swift; sourceTree = "<group>"; };
/* End PBXFileReference section */

/* Begin PBXFrameworksBuildPhase section */
		46500B65282318330000AC60 /* Frameworks */ = {
			isa = PBXFrameworksBuildPhase;
			buildActionMask = 2147483647;
			files = (
				4672026A28259F8900571BB2 /* FirebaseDatabase in Frameworks */,
				4672026828259F8900571BB2 /* FirebaseAuth in Frameworks */,
				4672026C28259F8900571BB2 /* FirebaseStorage in Frameworks */,
			);
			runOnlyForDeploymentPostprocessing = 0;
		};
/* End PBXFrameworksBuildPhase section */

/* Begin PBXGroup section */
		46219E992827E4B80043A3AC /* Auth */ = {
			isa = PBXGroup;
			children = (
				46219E972827147B0043A3AC /* RegisterView.swift */,
				46219E9A2827E4C50043A3AC /* LoginView.swift */,
			);
			name = Auth;
			sourceTree = "<group>";
		};
		46219E9C2827EB830043A3AC /* Components */ = {
			isa = PBXGroup;
			children = (
				46219E9D2827EB9F0043A3AC /* CustomButton.swift */,
			);
			path = Components;
			sourceTree = "<group>";
		};
		46500B5F282318330000AC60 = {
			isa = PBXGroup;
			children = (
				46500B6A282318330000AC60 /* Twitter-Clone-UIKit */,
				46500B69282318330000AC60 /* Products */,
			);
			sourceTree = "<group>";
		};
		46500B69282318330000AC60 /* Products */ = {
			isa = PBXGroup;
			children = (
				46500B68282318330000AC60 /* Twitter-Clone-UIKit.app */,
			);
			name = Products;
			sourceTree = "<group>";
		};
		46500B6A282318330000AC60 /* Twitter-Clone-UIKit */ = {
			isa = PBXGroup;
			children = (
				46500B842823193D0000AC60 /* Utils */,
				46500B83282318E30000AC60 /* Model */,
				46500B82282318D80000AC60 /* View */,
				46500B81282318D50000AC60 /* ViewModel */,
				46500B80282318D30000AC60 /* Controller */,
				46500B7F282318C30000AC60 /* API */,
				46500B6B282318330000AC60 /* AppDelegate.swift */,
				46500B6D282318330000AC60 /* SceneDelegate.swift */,
				46500B71282318330000AC60 /* Main.storyboard */,
				46500B74282318340000AC60 /* Assets.xcassets */,
				46500B76282318340000AC60 /* LaunchScreen.storyboard */,
				46500B79282318340000AC60 /* Info.plist */,
				4672026428259AA600571BB2 /* GoogleService-Info.plist */,
			);
			path = "Twitter-Clone-UIKit";
			sourceTree = "<group>";
		};
		46500B7F282318C30000AC60 /* API */ = {
			isa = PBXGroup;
			children = (
				467880DE2826915E00604160 /* Base */,
				4672026D2825AED000571BB2 /* Auth */,
			);
			path = API;
			sourceTree = "<group>";
		};
		46500B80282318D30000AC60 /* Controller */ = {
			isa = PBXGroup;
			children = (
				469ABA85282464B900357D00 /* Auth */,
				46500B85282319CD0000AC60 /* BaseController.swift */,
				46500B8728231C3F0000AC60 /* FeedController.swift */,
				46500B8928231C8D0000AC60 /* ExploreController.swift */,
				46500B8B28231C980000AC60 /* NotificationController.swift */,
				46500B8D28231CA90000AC60 /* ConversationsController.swift */,
			);
			path = Controller;
			sourceTree = "<group>";
		};
		46500B81282318D50000AC60 /* ViewModel */ = {
			isa = PBXGroup;
			children = (
				467202732825B4E700571BB2 /* Auth */,
				467880DC2826914B00604160 /* BaseViewModel.swift */,
			);
			path = ViewModel;
			sourceTree = "<group>";
		};
		46500B82282318D80000AC60 /* View */ = {
			isa = PBXGroup;
			children = (
				46219E992827E4B80043A3AC /* Auth */,
			);
			name = View;
			sourceTree = "<group>";
		};
		46500B83282318E30000AC60 /* Model */ = {
			isa = PBXGroup;
			children = (
			);
			path = Model;
			sourceTree = "<group>";
		};
		46500B842823193D0000AC60 /* Utils */ = {
			isa = PBXGroup;
			children = (
				469ABA8A28246EE300357D00 /* Utilities */,
				46500B8F282335990000AC60 /* Extensions */,
			);
			path = Utils;
			sourceTree = "<group>";
		};
		46500B8F282335990000AC60 /* Extensions */ = {
			isa = PBXGroup;
			children = (
				46500B90282335A80000AC60 /* UIViewExtensions.swift */,
				469ABA83282462C900357D00 /* UIColorExtensions.swift */,
			);
			path = Extensions;
			sourceTree = "<group>";
		};
		4672026D2825AED000571BB2 /* Auth */ = {
			isa = PBXGroup;
			children = (
				467880D528268BD400604160 /* Login */,
				467202702825AEED00571BB2 /* Register */,
			);
			path = Auth;
			sourceTree = "<group>";
		};
		467202702825AEED00571BB2 /* Register */ = {
			isa = PBXGroup;
			children = (
				4672026E2825AEE400571BB2 /* RegisterService.swift */,
				467202712825AEFC00571BB2 /* RegisterServiceProtocol.swift */,
			);
			path = Register;
			sourceTree = "<group>";
		};
		467202732825B4E700571BB2 /* Auth */ = {
			isa = PBXGroup;
			children = (
				467202742825B4F300571BB2 /* RegisterViewModel.swift */,
				467880DA28268DDD00604160 /* LoginViewModel.swift */,
			);
			path = Auth;
			sourceTree = "<group>";
		};
		467880D528268BD400604160 /* Login */ = {
			isa = PBXGroup;
			children = (
				467880D628268BE000604160 /* LoginService.swift */,
				467880D828268BEA00604160 /* LoginServiceProtocol.swift */,
			);
			path = Login;
			sourceTree = "<group>";
		};
		467880DE2826915E00604160 /* Base */ = {
			isa = PBXGroup;
			children = (
				467880E12826917700604160 /* BaseServiceProtocol.swift */,
				46219E95282713550043A3AC /* BaseService.swift */,
			);
			path = Base;
			sourceTree = "<group>";
		};
		469ABA85282464B900357D00 /* Auth */ = {
			isa = PBXGroup;
			children = (
				469ABA86282464CE00357D00 /* RegisterController.swift */,
				469ABA88282464DA00357D00 /* LoginController.swift */,
			);
			path = Auth;
			sourceTree = "<group>";
		};
		469ABA8A28246EE300357D00 /* Utilities */ = {
			isa = PBXGroup;
			children = (
				46219E9C2827EB830043A3AC /* Components */,
				469ABA8B28246EFB00357D00 /* Utilities.swift */,
				467202762825D58A00571BB2 /* Constants.swift */,
			);
			path = Utilities;
			sourceTree = "<group>";
		};
/* End PBXGroup section */

/* Begin PBXNativeTarget section */
		46500B67282318330000AC60 /* Twitter-Clone-UIKit */ = {
			isa = PBXNativeTarget;
			buildConfigurationList = 46500B7C282318340000AC60 /* Build configuration list for PBXNativeTarget "Twitter-Clone-UIKit" */;
			buildPhases = (
				46500B64282318330000AC60 /* Sources */,
				46500B65282318330000AC60 /* Frameworks */,
				46500B66282318330000AC60 /* Resources */,
			);
			buildRules = (
			);
			dependencies = (
			);
			name = "Twitter-Clone-UIKit";
			packageProductDependencies = (
				4672026728259F8900571BB2 /* FirebaseAuth */,
				4672026928259F8900571BB2 /* FirebaseDatabase */,
				4672026B28259F8900571BB2 /* FirebaseStorage */,
			);
			productName = "Twitter-Clone-UIKit";
			productReference = 46500B68282318330000AC60 /* Twitter-Clone-UIKit.app */;
			productType = "com.apple.product-type.application";
		};
/* End PBXNativeTarget section */

/* Begin PBXProject section */
		46500B60282318330000AC60 /* Project object */ = {
			isa = PBXProject;
			attributes = {
				BuildIndependentTargetsInParallel = 1;
				LastSwiftUpdateCheck = 1330;
				LastUpgradeCheck = 1330;
				TargetAttributes = {
					46500B67282318330000AC60 = {
						CreatedOnToolsVersion = 13.3;
					};
				};
			};
			buildConfigurationList = 46500B63282318330000AC60 /* Build configuration list for PBXProject "Twitter-Clone-UIKit" */;
			compatibilityVersion = "Xcode 13.0";
			developmentRegion = en;
			hasScannedForEncodings = 0;
			knownRegions = (
				en,
				Base,
			);
			mainGroup = 46500B5F282318330000AC60;
			packageReferences = (
				4672026628259F8900571BB2 /* XCRemoteSwiftPackageReference "firebase-ios-sdk" */,
			);
			productRefGroup = 46500B69282318330000AC60 /* Products */;
			projectDirPath = "";
			projectRoot = "";
			targets = (
				46500B67282318330000AC60 /* Twitter-Clone-UIKit */,
			);
		};
/* End PBXProject section */

/* Begin PBXResourcesBuildPhase section */
		46500B66282318330000AC60 /* Resources */ = {
			isa = PBXResourcesBuildPhase;
			buildActionMask = 2147483647;
			files = (
				46500B78282318340000AC60 /* LaunchScreen.storyboard in Resources */,
				4672026528259AA700571BB2 /* GoogleService-Info.plist in Resources */,
				46500B75282318340000AC60 /* Assets.xcassets in Resources */,
				46500B73282318330000AC60 /* Main.storyboard in Resources */,
			);
			runOnlyForDeploymentPostprocessing = 0;
		};
/* End PBXResourcesBuildPhase section */

/* Begin PBXSourcesBuildPhase section */
		46500B64282318330000AC60 /* Sources */ = {
			isa = PBXSourcesBuildPhase;
			buildActionMask = 2147483647;
			files = (
				467880D728268BE000604160 /* LoginService.swift in Sources */,
				467880DD2826914B00604160 /* BaseViewModel.swift in Sources */,
				467880D928268BEA00604160 /* LoginServiceProtocol.swift in Sources */,
				469ABA89282464DA00357D00 /* LoginController.swift in Sources */,
				46219E9E2827EB9F0043A3AC /* CustomButton.swift in Sources */,
				467202752825B4F300571BB2 /* RegisterViewModel.swift in Sources */,
				469ABA87282464CE00357D00 /* RegisterController.swift in Sources */,
				46219E9B2827E4C50043A3AC /* LoginView.swift in Sources */,
				469ABA84282462C900357D00 /* UIColorExtensions.swift in Sources */,
				46500B8C28231C980000AC60 /* NotificationController.swift in Sources */,
				4672026F2825AEE400571BB2 /* RegisterService.swift in Sources */,
				46219E982827147B0043A3AC /* RegisterView.swift in Sources */,
				46500B8E28231CA90000AC60 /* ConversationsController.swift in Sources */,
				46219E96282713550043A3AC /* BaseService.swift in Sources */,
				467202772825D58A00571BB2 /* Constants.swift in Sources */,
				467202722825AEFC00571BB2 /* RegisterServiceProtocol.swift in Sources */,
				46500B91282335A80000AC60 /* UIViewExtensions.swift in Sources */,
				467880E22826917700604160 /* BaseServiceProtocol.swift in Sources */,
				469ABA8C28246EFB00357D00 /* Utilities.swift in Sources */,
				46500B6C282318330000AC60 /* AppDelegate.swift in Sources */,
				46500B8A28231C8D0000AC60 /* ExploreController.swift in Sources */,
				46500B86282319CD0000AC60 /* BaseController.swift in Sources */,
				46500B6E282318330000AC60 /* SceneDelegate.swift in Sources */,
				467880DB28268DDD00604160 /* LoginViewModel.swift in Sources */,
				46500B8828231C3F0000AC60 /* FeedController.swift in Sources */,
			);
			runOnlyForDeploymentPostprocessing = 0;
		};
/* End PBXSourcesBuildPhase section */

/* Begin PBXVariantGroup section */
		46500B71282318330000AC60 /* Main.storyboard */ = {
			isa = PBXVariantGroup;
			children = (
				46500B72282318330000AC60 /* Base */,
			);
			name = Main.storyboard;
			sourceTree = "<group>";
		};
		46500B76282318340000AC60 /* LaunchScreen.storyboard */ = {
			isa = PBXVariantGroup;
			children = (
				46500B77282318340000AC60 /* Base */,
			);
			name = LaunchScreen.storyboard;
			sourceTree = "<group>";
		};
/* End PBXVariantGroup section */

/* Begin XCBuildConfiguration section */
		46500B7A282318340000AC60 /* Debug */ = {
			isa = XCBuildConfiguration;
			buildSettings = {
				ALWAYS_SEARCH_USER_PATHS = NO;
				CLANG_ANALYZER_NONNULL = YES;
				CLANG_ANALYZER_NUMBER_OBJECT_CONVERSION = YES_AGGRESSIVE;
				CLANG_CXX_LANGUAGE_STANDARD = "gnu++17";
				CLANG_ENABLE_MODULES = YES;
				CLANG_ENABLE_OBJC_ARC = YES;
				CLANG_ENABLE_OBJC_WEAK = YES;
				CLANG_WARN_BLOCK_CAPTURE_AUTORELEASING = YES;
				CLANG_WARN_BOOL_CONVERSION = YES;
				CLANG_WARN_COMMA = YES;
				CLANG_WARN_CONSTANT_CONVERSION = YES;
				CLANG_WARN_DEPRECATED_OBJC_IMPLEMENTATIONS = YES;
				CLANG_WARN_DIRECT_OBJC_ISA_USAGE = YES_ERROR;
				CLANG_WARN_DOCUMENTATION_COMMENTS = YES;
				CLANG_WARN_EMPTY_BODY = YES;
				CLANG_WARN_ENUM_CONVERSION = YES;
				CLANG_WARN_INFINITE_RECURSION = YES;
				CLANG_WARN_INT_CONVERSION = YES;
				CLANG_WARN_NON_LITERAL_NULL_CONVERSION = YES;
				CLANG_WARN_OBJC_IMPLICIT_RETAIN_SELF = YES;
				CLANG_WARN_OBJC_LITERAL_CONVERSION = YES;
				CLANG_WARN_OBJC_ROOT_CLASS = YES_ERROR;
				CLANG_WARN_QUOTED_INCLUDE_IN_FRAMEWORK_HEADER = YES;
				CLANG_WARN_RANGE_LOOP_ANALYSIS = YES;
				CLANG_WARN_STRICT_PROTOTYPES = YES;
				CLANG_WARN_SUSPICIOUS_MOVE = YES;
				CLANG_WARN_UNGUARDED_AVAILABILITY = YES_AGGRESSIVE;
				CLANG_WARN_UNREACHABLE_CODE = YES;
				CLANG_WARN__DUPLICATE_METHOD_MATCH = YES;
				COPY_PHASE_STRIP = NO;
				DEBUG_INFORMATION_FORMAT = dwarf;
				ENABLE_STRICT_OBJC_MSGSEND = YES;
				ENABLE_TESTABILITY = YES;
				GCC_C_LANGUAGE_STANDARD = gnu11;
				GCC_DYNAMIC_NO_PIC = NO;
				GCC_NO_COMMON_BLOCKS = YES;
				GCC_OPTIMIZATION_LEVEL = 0;
				GCC_PREPROCESSOR_DEFINITIONS = (
					"DEBUG=1",
					"$(inherited)",
				);
				GCC_WARN_64_TO_32_BIT_CONVERSION = YES;
				GCC_WARN_ABOUT_RETURN_TYPE = YES_ERROR;
				GCC_WARN_UNDECLARED_SELECTOR = YES;
				GCC_WARN_UNINITIALIZED_AUTOS = YES_AGGRESSIVE;
				GCC_WARN_UNUSED_FUNCTION = YES;
				GCC_WARN_UNUSED_VARIABLE = YES;
				IPHONEOS_DEPLOYMENT_TARGET = 15.4;
				MTL_ENABLE_DEBUG_INFO = INCLUDE_SOURCE;
				MTL_FAST_MATH = YES;
				ONLY_ACTIVE_ARCH = YES;
				SDKROOT = iphoneos;
				SWIFT_ACTIVE_COMPILATION_CONDITIONS = DEBUG;
				SWIFT_OPTIMIZATION_LEVEL = "-Onone";
			};
			name = Debug;
		};
		46500B7B282318340000AC60 /* Release */ = {
			isa = XCBuildConfiguration;
			buildSettings = {
				ALWAYS_SEARCH_USER_PATHS = NO;
				CLANG_ANALYZER_NONNULL = YES;
				CLANG_ANALYZER_NUMBER_OBJECT_CONVERSION = YES_AGGRESSIVE;
				CLANG_CXX_LANGUAGE_STANDARD = "gnu++17";
				CLANG_ENABLE_MODULES = YES;
				CLANG_ENABLE_OBJC_ARC = YES;
				CLANG_ENABLE_OBJC_WEAK = YES;
				CLANG_WARN_BLOCK_CAPTURE_AUTORELEASING = YES;
				CLANG_WARN_BOOL_CONVERSION = YES;
				CLANG_WARN_COMMA = YES;
				CLANG_WARN_CONSTANT_CONVERSION = YES;
				CLANG_WARN_DEPRECATED_OBJC_IMPLEMENTATIONS = YES;
				CLANG_WARN_DIRECT_OBJC_ISA_USAGE = YES_ERROR;
				CLANG_WARN_DOCUMENTATION_COMMENTS = YES;
				CLANG_WARN_EMPTY_BODY = YES;
				CLANG_WARN_ENUM_CONVERSION = YES;
				CLANG_WARN_INFINITE_RECURSION = YES;
				CLANG_WARN_INT_CONVERSION = YES;
				CLANG_WARN_NON_LITERAL_NULL_CONVERSION = YES;
				CLANG_WARN_OBJC_IMPLICIT_RETAIN_SELF = YES;
				CLANG_WARN_OBJC_LITERAL_CONVERSION = YES;
				CLANG_WARN_OBJC_ROOT_CLASS = YES_ERROR;
				CLANG_WARN_QUOTED_INCLUDE_IN_FRAMEWORK_HEADER = YES;
				CLANG_WARN_RANGE_LOOP_ANALYSIS = YES;
				CLANG_WARN_STRICT_PROTOTYPES = YES;
				CLANG_WARN_SUSPICIOUS_MOVE = YES;
				CLANG_WARN_UNGUARDED_AVAILABILITY = YES_AGGRESSIVE;
				CLANG_WARN_UNREACHABLE_CODE = YES;
				CLANG_WARN__DUPLICATE_METHOD_MATCH = YES;
				COPY_PHASE_STRIP = NO;
				DEBUG_INFORMATION_FORMAT = "dwarf-with-dsym";
				ENABLE_NS_ASSERTIONS = NO;
				ENABLE_STRICT_OBJC_MSGSEND = YES;
				GCC_C_LANGUAGE_STANDARD = gnu11;
				GCC_NO_COMMON_BLOCKS = YES;
				GCC_WARN_64_TO_32_BIT_CONVERSION = YES;
				GCC_WARN_ABOUT_RETURN_TYPE = YES_ERROR;
				GCC_WARN_UNDECLARED_SELECTOR = YES;
				GCC_WARN_UNINITIALIZED_AUTOS = YES_AGGRESSIVE;
				GCC_WARN_UNUSED_FUNCTION = YES;
				GCC_WARN_UNUSED_VARIABLE = YES;
				IPHONEOS_DEPLOYMENT_TARGET = 15.4;
				MTL_ENABLE_DEBUG_INFO = NO;
				MTL_FAST_MATH = YES;
				SDKROOT = iphoneos;
				SWIFT_COMPILATION_MODE = wholemodule;
				SWIFT_OPTIMIZATION_LEVEL = "-O";
				VALIDATE_PRODUCT = YES;
			};
			name = Release;
		};
		46500B7D282318340000AC60 /* Debug */ = {
			isa = XCBuildConfiguration;
			buildSettings = {
				ASSETCATALOG_COMPILER_APPICON_NAME = AppIcon;
				ASSETCATALOG_COMPILER_GLOBAL_ACCENT_COLOR_NAME = AccentColor;
				CODE_SIGN_STYLE = Automatic;
				CURRENT_PROJECT_VERSION = 1;
				DEVELOPMENT_TEAM = 348T9RAC33;
				GENERATE_INFOPLIST_FILE = YES;
				INFOPLIST_FILE = "Twitter-Clone-UIKit/Info.plist";
				INFOPLIST_KEY_UIApplicationSupportsIndirectInputEvents = YES;
				INFOPLIST_KEY_UILaunchStoryboardName = LaunchScreen;
				INFOPLIST_KEY_UIMainStoryboardFile = Main;
				INFOPLIST_KEY_UISupportedInterfaceOrientations_iPad = "UIInterfaceOrientationPortrait UIInterfaceOrientationPortraitUpsideDown UIInterfaceOrientationLandscapeLeft UIInterfaceOrientationLandscapeRight";
				INFOPLIST_KEY_UISupportedInterfaceOrientations_iPhone = "UIInterfaceOrientationPortrait UIInterfaceOrientationLandscapeLeft UIInterfaceOrientationLandscapeRight";
				LD_RUNPATH_SEARCH_PATHS = (
					"$(inherited)",
					"@executable_path/Frameworks",
				);
				MARKETING_VERSION = 1.0;
				PRODUCT_BUNDLE_IDENTIFIER = "com.meatlanosrep.Twitter-Clone-UIKit";
				PRODUCT_NAME = "$(TARGET_NAME)";
				SWIFT_EMIT_LOC_STRINGS = YES;
				SWIFT_VERSION = 5.0;
				TARGETED_DEVICE_FAMILY = "1,2";
			};
			name = Debug;
		};
		46500B7E282318340000AC60 /* Release */ = {
			isa = XCBuildConfiguration;
			buildSettings = {
				ASSETCATALOG_COMPILER_APPICON_NAME = AppIcon;
				ASSETCATALOG_COMPILER_GLOBAL_ACCENT_COLOR_NAME = AccentColor;
				CODE_SIGN_STYLE = Automatic;
				CURRENT_PROJECT_VERSION = 1;
				DEVELOPMENT_TEAM = 348T9RAC33;
				GENERATE_INFOPLIST_FILE = YES;
				INFOPLIST_FILE = "Twitter-Clone-UIKit/Info.plist";
				INFOPLIST_KEY_UIApplicationSupportsIndirectInputEvents = YES;
				INFOPLIST_KEY_UILaunchStoryboardName = LaunchScreen;
				INFOPLIST_KEY_UIMainStoryboardFile = Main;
				INFOPLIST_KEY_UISupportedInterfaceOrientations_iPad = "UIInterfaceOrientationPortrait UIInterfaceOrientationPortraitUpsideDown UIInterfaceOrientationLandscapeLeft UIInterfaceOrientationLandscapeRight";
				INFOPLIST_KEY_UISupportedInterfaceOrientations_iPhone = "UIInterfaceOrientationPortrait UIInterfaceOrientationLandscapeLeft UIInterfaceOrientationLandscapeRight";
				LD_RUNPATH_SEARCH_PATHS = (
					"$(inherited)",
					"@executable_path/Frameworks",
				);
				MARKETING_VERSION = 1.0;
				PRODUCT_BUNDLE_IDENTIFIER = "com.meatlanosrep.Twitter-Clone-UIKit";
				PRODUCT_NAME = "$(TARGET_NAME)";
				SWIFT_EMIT_LOC_STRINGS = YES;
				SWIFT_VERSION = 5.0;
				TARGETED_DEVICE_FAMILY = "1,2";
			};
			name = Release;
		};
/* End XCBuildConfiguration section */

/* Begin XCConfigurationList section */
		46500B63282318330000AC60 /* Build configuration list for PBXProject "Twitter-Clone-UIKit" */ = {
			isa = XCConfigurationList;
			buildConfigurations = (
				46500B7A282318340000AC60 /* Debug */,
				46500B7B282318340000AC60 /* Release */,
			);
			defaultConfigurationIsVisible = 0;
			defaultConfigurationName = Release;
		};
		46500B7C282318340000AC60 /* Build configuration list for PBXNativeTarget "Twitter-Clone-UIKit" */ = {
			isa = XCConfigurationList;
			buildConfigurations = (
				46500B7D282318340000AC60 /* Debug */,
				46500B7E282318340000AC60 /* Release */,
			);
			defaultConfigurationIsVisible = 0;
			defaultConfigurationName = Release;
		};
/* End XCConfigurationList section */

/* Begin XCRemoteSwiftPackageReference section */
		4672026628259F8900571BB2 /* XCRemoteSwiftPackageReference "firebase-ios-sdk" */ = {
			isa = XCRemoteSwiftPackageReference;
			repositoryURL = "https://github.com/firebase/firebase-ios-sdk.git";
			requirement = {
				kind = upToNextMajorVersion;
				minimumVersion = 9.0.0;
			};
		};
/* End XCRemoteSwiftPackageReference section */

/* Begin XCSwiftPackageProductDependency section */
		4672026728259F8900571BB2 /* FirebaseAuth */ = {
			isa = XCSwiftPackageProductDependency;
			package = 4672026628259F8900571BB2 /* XCRemoteSwiftPackageReference "firebase-ios-sdk" */;
			productName = FirebaseAuth;
		};
		4672026928259F8900571BB2 /* FirebaseDatabase */ = {
			isa = XCSwiftPackageProductDependency;
			package = 4672026628259F8900571BB2 /* XCRemoteSwiftPackageReference "firebase-ios-sdk" */;
			productName = FirebaseDatabase;
		};
		4672026B28259F8900571BB2 /* FirebaseStorage */ = {
			isa = XCSwiftPackageProductDependency;
			package = 4672026628259F8900571BB2 /* XCRemoteSwiftPackageReference "firebase-ios-sdk" */;
			productName = FirebaseStorage;
		};
/* End XCSwiftPackageProductDependency section */
	};
	rootObject = 46500B60282318330000AC60 /* Project object */;
}
