// !$*UTF8*$!
{
	archiveVersion = 1;
	classes = {
	};
	objectVersion = 55;
	objects = {

/* Begin PBXBuildFile section */
		4608B2D3282944D900AA37F6 /* FeedView.swift in Sources */ = {isa = PBXBuildFile; fileRef = 4608B2D2282944D900AA37F6 /* FeedView.swift */; };
		4608B2D62829495B00AA37F6 /* SDWebImage in Frameworks */ = {isa = PBXBuildFile; productRef = 4608B2D52829495B00AA37F6 /* SDWebImage */; };
		4608B2DE2829721F00AA37F6 /* TweetingController.swift in Sources */ = {isa = PBXBuildFile; fileRef = 4608B2DD2829721F00AA37F6 /* TweetingController.swift */; };
		4608B2E02829C25900AA37F6 /* TweetingView.swift in Sources */ = {isa = PBXBuildFile; fileRef = 4608B2DF2829C25900AA37F6 /* TweetingView.swift */; };
		46219E96282713550043A3AC /* BaseService.swift in Sources */ = {isa = PBXBuildFile; fileRef = 46219E95282713550043A3AC /* BaseService.swift */; };
		46219E982827147B0043A3AC /* RegisterView.swift in Sources */ = {isa = PBXBuildFile; fileRef = 46219E972827147B0043A3AC /* RegisterView.swift */; };
		46219E9B2827E4C50043A3AC /* LoginView.swift in Sources */ = {isa = PBXBuildFile; fileRef = 46219E9A2827E4C50043A3AC /* LoginView.swift */; };
		46219E9E2827EB9F0043A3AC /* CustomButton.swift in Sources */ = {isa = PBXBuildFile; fileRef = 46219E9D2827EB9F0043A3AC /* CustomButton.swift */; };
		46219ED2282812290043A3AC /* BaseView.swift in Sources */ = {isa = PBXBuildFile; fileRef = 46219ED1282812290043A3AC /* BaseView.swift */; };
		46219ED428281CFC0043A3AC /* BaseUserModel.swift in Sources */ = {isa = PBXBuildFile; fileRef = 46219ED328281CFC0043A3AC /* BaseUserModel.swift */; };
		4640FB512836778E0081E7A4 /* TweetCell.swift in Sources */ = {isa = PBXBuildFile; fileRef = 4640FB502836778E0081E7A4 /* TweetCell.swift */; };
		4640FB532836D2830081E7A4 /* TweetUserModel.swift in Sources */ = {isa = PBXBuildFile; fileRef = 4640FB522836D2830081E7A4 /* TweetUserModel.swift */; };
		46500B6C282318330000AC60 /* AppDelegate.swift in Sources */ = {isa = PBXBuildFile; fileRef = 46500B6B282318330000AC60 /* AppDelegate.swift */; };
		46500B6E282318330000AC60 /* SceneDelegate.swift in Sources */ = {isa = PBXBuildFile; fileRef = 46500B6D282318330000AC60 /* SceneDelegate.swift */; };
		46500B73282318330000AC60 /* Main.storyboard in Resources */ = {isa = PBXBuildFile; fileRef = 46500B71282318330000AC60 /* Main.storyboard */; };
		46500B75282318340000AC60 /* Assets.xcassets in Resources */ = {isa = PBXBuildFile; fileRef = 46500B74282318340000AC60 /* Assets.xcassets */; };
		46500B78282318340000AC60 /* LaunchScreen.storyboard in Resources */ = {isa = PBXBuildFile; fileRef = 46500B76282318340000AC60 /* LaunchScreen.storyboard */; };
		46500B86282319CD0000AC60 /* BaseController.swift in Sources */ = {isa = PBXBuildFile; fileRef = 46500B85282319CD0000AC60 /* BaseController.swift */; };
		46500B8828231C3F0000AC60 /* FeedController.swift in Sources */ = {isa = PBXBuildFile; fileRef = 46500B8728231C3F0000AC60 /* FeedController.swift */; };
		46500B8A28231C8D0000AC60 /* ExploreController.swift in Sources */ = {isa = PBXBuildFile; fileRef = 46500B8928231C8D0000AC60 /* ExploreController.swift */; };
		46500B8C28231C980000AC60 /* NotificationController.swift in Sources */ = {isa = PBXBuildFile; fileRef = 46500B8B28231C980000AC60 /* NotificationController.swift */; };
		46500B8E28231CA90000AC60 /* ConversationsController.swift in Sources */ = {isa = PBXBuildFile; fileRef = 46500B8D28231CA90000AC60 /* ConversationsController.swift */; };
		46500B91282335A80000AC60 /* UIViewExtensions.swift in Sources */ = {isa = PBXBuildFile; fileRef = 46500B90282335A80000AC60 /* UIViewExtensions.swift */; };
		4672026528259AA700571BB2 /* GoogleService-Info.plist in Resources */ = {isa = PBXBuildFile; fileRef = 4672026428259AA600571BB2 /* GoogleService-Info.plist */; };
		4672026828259F8900571BB2 /* FirebaseAuth in Frameworks */ = {isa = PBXBuildFile; productRef = 4672026728259F8900571BB2 /* FirebaseAuth */; };
		4672026A28259F8900571BB2 /* FirebaseDatabase in Frameworks */ = {isa = PBXBuildFile; productRef = 4672026928259F8900571BB2 /* FirebaseDatabase */; };
		4672026C28259F8900571BB2 /* FirebaseStorage in Frameworks */ = {isa = PBXBuildFile; productRef = 4672026B28259F8900571BB2 /* FirebaseStorage */; };
		4672026F2825AEE400571BB2 /* RegisterService.swift in Sources */ = {isa = PBXBuildFile; fileRef = 4672026E2825AEE400571BB2 /* RegisterService.swift */; };
		467202722825AEFC00571BB2 /* RegisterServiceProtocol.swift in Sources */ = {isa = PBXBuildFile; fileRef = 467202712825AEFC00571BB2 /* RegisterServiceProtocol.swift */; };
		467202752825B4F300571BB2 /* RegisterViewModel.swift in Sources */ = {isa = PBXBuildFile; fileRef = 467202742825B4F300571BB2 /* RegisterViewModel.swift */; };
		467202772825D58A00571BB2 /* Constants.swift in Sources */ = {isa = PBXBuildFile; fileRef = 467202762825D58A00571BB2 /* Constants.swift */; };
		46721BDF2838530300D28DD7 /* ProfileViewController.swift in Sources */ = {isa = PBXBuildFile; fileRef = 46721BDE2838530300D28DD7 /* ProfileViewController.swift */; };
		46721BE1283866C900D28DD7 /* ProfileView.swift in Sources */ = {isa = PBXBuildFile; fileRef = 46721BE0283866C900D28DD7 /* ProfileView.swift */; };
		46721BE628394C4800D28DD7 /* ProfileViewHeader.swift in Sources */ = {isa = PBXBuildFile; fileRef = 46721BE528394C4800D28DD7 /* ProfileViewHeader.swift */; };
		467880D728268BE000604160 /* LoginService.swift in Sources */ = {isa = PBXBuildFile; fileRef = 467880D628268BE000604160 /* LoginService.swift */; };
		467880D928268BEA00604160 /* LoginServiceProtocol.swift in Sources */ = {isa = PBXBuildFile; fileRef = 467880D828268BEA00604160 /* LoginServiceProtocol.swift */; };
		467880DB28268DDD00604160 /* LoginViewModel.swift in Sources */ = {isa = PBXBuildFile; fileRef = 467880DA28268DDD00604160 /* LoginViewModel.swift */; };
		467880DD2826914B00604160 /* BaseViewModel.swift in Sources */ = {isa = PBXBuildFile; fileRef = 467880DC2826914B00604160 /* BaseViewModel.swift */; };
		467880E22826917700604160 /* BaseServiceProtocol.swift in Sources */ = {isa = PBXBuildFile; fileRef = 467880E12826917700604160 /* BaseServiceProtocol.swift */; };
		46839FD42834F8770087407D /* TweetingServiceProtocol.swift in Sources */ = {isa = PBXBuildFile; fileRef = 46839FD32834F8770087407D /* TweetingServiceProtocol.swift */; };
		46839FD62834F9230087407D /* TweetingService.swift in Sources */ = {isa = PBXBuildFile; fileRef = 46839FD52834F9230087407D /* TweetingService.swift */; };
		46839FD82834FB860087407D /* TweetingViewModel.swift in Sources */ = {isa = PBXBuildFile; fileRef = 46839FD72834FB860087407D /* TweetingViewModel.swift */; };
		46839FDA283501C40087407D /* TweetModel.swift in Sources */ = {isa = PBXBuildFile; fileRef = 46839FD9283501C40087407D /* TweetModel.swift */; };
		46839FDC283505040087407D /* FeedServiceProtocol.swift in Sources */ = {isa = PBXBuildFile; fileRef = 46839FDB283505040087407D /* FeedServiceProtocol.swift */; };
		46839FDE283505550087407D /* FeedService.swift in Sources */ = {isa = PBXBuildFile; fileRef = 46839FDD283505550087407D /* FeedService.swift */; };
		46839FE0283505F70087407D /* FeedViewModel.swift in Sources */ = {isa = PBXBuildFile; fileRef = 46839FDF283505F70087407D /* FeedViewModel.swift */; };
		469ABA84282462C900357D00 /* UIColorExtensions.swift in Sources */ = {isa = PBXBuildFile; fileRef = 469ABA83282462C900357D00 /* UIColorExtensions.swift */; };
		469ABA87282464CE00357D00 /* RegisterController.swift in Sources */ = {isa = PBXBuildFile; fileRef = 469ABA86282464CE00357D00 /* RegisterController.swift */; };
		469ABA89282464DA00357D00 /* LoginController.swift in Sources */ = {isa = PBXBuildFile; fileRef = 469ABA88282464DA00357D00 /* LoginController.swift */; };
		469ABA8C28246EFB00357D00 /* Utilities.swift in Sources */ = {isa = PBXBuildFile; fileRef = 469ABA8B28246EFB00357D00 /* Utilities.swift */; };
		46A7430A282D390D00053BC9 /* CaptionTextView.swift in Sources */ = {isa = PBXBuildFile; fileRef = 46A74309282D390D00053BC9 /* CaptionTextView.swift */; };
		46DBA480283A751A00A37B32 /* Following+Follower+Label.swift in Sources */ = {isa = PBXBuildFile; fileRef = 46DBA47F283A751A00A37B32 /* Following+Follower+Label.swift */; };
		46DBA482283A80CE00A37B32 /* ProfileViewServiceProtocol.swift in Sources */ = {isa = PBXBuildFile; fileRef = 46DBA481283A80CE00A37B32 /* ProfileViewServiceProtocol.swift */; };
		46DBA484283A80E900A37B32 /* ProfileViewModel.swift in Sources */ = {isa = PBXBuildFile; fileRef = 46DBA483283A80E900A37B32 /* ProfileViewModel.swift */; };
		46DBA486283A86C700A37B32 /* ProfileViewService.swift in Sources */ = {isa = PBXBuildFile; fileRef = 46DBA485283A86C700A37B32 /* ProfileViewService.swift */; };
		46DBA489283B81BF00A37B32 /* ProfileFilterRow.swift in Sources */ = {isa = PBXBuildFile; fileRef = 46DBA488283B81BF00A37B32 /* ProfileFilterRow.swift */; };
		46DBA48B283B83E700A37B32 /* ProfileFilterCell.swift in Sources */ = {isa = PBXBuildFile; fileRef = 46DBA48A283B83E700A37B32 /* ProfileFilterCell.swift */; };
/* End PBXBuildFile section */

/* Begin PBXFileReference section */
		4608B2D2282944D900AA37F6 /* FeedView.swift */ = {isa = PBXFileReference; lastKnownFileType = sourcecode.swift; path = FeedView.swift; sourceTree = "<group>"; };
		4608B2DD2829721F00AA37F6 /* TweetingController.swift */ = {isa = PBXFileReference; lastKnownFileType = sourcecode.swift; path = TweetingController.swift; sourceTree = "<group>"; };
		4608B2DF2829C25900AA37F6 /* TweetingView.swift */ = {isa = PBXFileReference; lastKnownFileType = sourcecode.swift; path = TweetingView.swift; sourceTree = "<group>"; };
		46219E95282713550043A3AC /* BaseService.swift */ = {isa = PBXFileReference; lastKnownFileType = sourcecode.swift; path = BaseService.swift; sourceTree = "<group>"; };
		46219E972827147B0043A3AC /* RegisterView.swift */ = {isa = PBXFileReference; lastKnownFileType = sourcecode.swift; path = RegisterView.swift; sourceTree = "<group>"; };
		46219E9A2827E4C50043A3AC /* LoginView.swift */ = {isa = PBXFileReference; lastKnownFileType = sourcecode.swift; path = LoginView.swift; sourceTree = "<group>"; };
		46219E9D2827EB9F0043A3AC /* CustomButton.swift */ = {isa = PBXFileReference; lastKnownFileType = sourcecode.swift; path = CustomButton.swift; sourceTree = "<group>"; };
		46219ED1282812290043A3AC /* BaseView.swift */ = {isa = PBXFileReference; lastKnownFileType = sourcecode.swift; path = BaseView.swift; sourceTree = "<group>"; };
		46219ED328281CFC0043A3AC /* BaseUserModel.swift */ = {isa = PBXFileReference; lastKnownFileType = sourcecode.swift; path = BaseUserModel.swift; sourceTree = "<group>"; };
		4640FB502836778E0081E7A4 /* TweetCell.swift */ = {isa = PBXFileReference; lastKnownFileType = sourcecode.swift; path = TweetCell.swift; sourceTree = "<group>"; };
		4640FB522836D2830081E7A4 /* TweetUserModel.swift */ = {isa = PBXFileReference; lastKnownFileType = sourcecode.swift; path = TweetUserModel.swift; sourceTree = "<group>"; };
		46500B68282318330000AC60 /* Twitter-Clone-UIKit.app */ = {isa = PBXFileReference; explicitFileType = wrapper.application; includeInIndex = 0; path = "Twitter-Clone-UIKit.app"; sourceTree = BUILT_PRODUCTS_DIR; };
		46500B6B282318330000AC60 /* AppDelegate.swift */ = {isa = PBXFileReference; lastKnownFileType = sourcecode.swift; path = AppDelegate.swift; sourceTree = "<group>"; };
		46500B6D282318330000AC60 /* SceneDelegate.swift */ = {isa = PBXFileReference; lastKnownFileType = sourcecode.swift; path = SceneDelegate.swift; sourceTree = "<group>"; };
		46500B72282318330000AC60 /* Base */ = {isa = PBXFileReference; lastKnownFileType = file.storyboard; name = Base; path = Base.lproj/Main.storyboard; sourceTree = "<group>"; };
		46500B74282318340000AC60 /* Assets.xcassets */ = {isa = PBXFileReference; lastKnownFileType = folder.assetcatalog; path = Assets.xcassets; sourceTree = "<group>"; };
		46500B77282318340000AC60 /* Base */ = {isa = PBXFileReference; lastKnownFileType = file.storyboard; name = Base; path = Base.lproj/LaunchScreen.storyboard; sourceTree = "<group>"; };
		46500B79282318340000AC60 /* Info.plist */ = {isa = PBXFileReference; lastKnownFileType = text.plist.xml; path = Info.plist; sourceTree = "<group>"; };
		46500B85282319CD0000AC60 /* BaseController.swift */ = {isa = PBXFileReference; lastKnownFileType = sourcecode.swift; path = BaseController.swift; sourceTree = "<group>"; };
		46500B8728231C3F0000AC60 /* FeedController.swift */ = {isa = PBXFileReference; lastKnownFileType = sourcecode.swift; path = FeedController.swift; sourceTree = "<group>"; };
		46500B8928231C8D0000AC60 /* ExploreController.swift */ = {isa = PBXFileReference; lastKnownFileType = sourcecode.swift; path = ExploreController.swift; sourceTree = "<group>"; };
		46500B8B28231C980000AC60 /* NotificationController.swift */ = {isa = PBXFileReference; lastKnownFileType = sourcecode.swift; path = NotificationController.swift; sourceTree = "<group>"; };
		46500B8D28231CA90000AC60 /* ConversationsController.swift */ = {isa = PBXFileReference; lastKnownFileType = sourcecode.swift; path = ConversationsController.swift; sourceTree = "<group>"; };
		46500B90282335A80000AC60 /* UIViewExtensions.swift */ = {isa = PBXFileReference; lastKnownFileType = sourcecode.swift; path = UIViewExtensions.swift; sourceTree = "<group>"; };
		4672026428259AA600571BB2 /* GoogleService-Info.plist */ = {isa = PBXFileReference; fileEncoding = 4; lastKnownFileType = text.plist.xml; path = "GoogleService-Info.plist"; sourceTree = "<group>"; };
		4672026E2825AEE400571BB2 /* RegisterService.swift */ = {isa = PBXFileReference; lastKnownFileType = sourcecode.swift; path = RegisterService.swift; sourceTree = "<group>"; };
		467202712825AEFC00571BB2 /* RegisterServiceProtocol.swift */ = {isa = PBXFileReference; lastKnownFileType = sourcecode.swift; path = RegisterServiceProtocol.swift; sourceTree = "<group>"; };
		467202742825B4F300571BB2 /* RegisterViewModel.swift */ = {isa = PBXFileReference; lastKnownFileType = sourcecode.swift; path = RegisterViewModel.swift; sourceTree = "<group>"; };
		467202762825D58A00571BB2 /* Constants.swift */ = {isa = PBXFileReference; lastKnownFileType = sourcecode.swift; path = Constants.swift; sourceTree = "<group>"; };
		46721BDE2838530300D28DD7 /* ProfileViewController.swift */ = {isa = PBXFileReference; lastKnownFileType = sourcecode.swift; path = ProfileViewController.swift; sourceTree = "<group>"; };
		46721BE0283866C900D28DD7 /* ProfileView.swift */ = {isa = PBXFileReference; lastKnownFileType = sourcecode.swift; path = ProfileView.swift; sourceTree = "<group>"; };
		46721BE528394C4800D28DD7 /* ProfileViewHeader.swift */ = {isa = PBXFileReference; lastKnownFileType = sourcecode.swift; path = ProfileViewHeader.swift; sourceTree = "<group>"; };
		467880D628268BE000604160 /* LoginService.swift */ = {isa = PBXFileReference; lastKnownFileType = sourcecode.swift; path = LoginService.swift; sourceTree = "<group>"; };
		467880D828268BEA00604160 /* LoginServiceProtocol.swift */ = {isa = PBXFileReference; lastKnownFileType = sourcecode.swift; path = LoginServiceProtocol.swift; sourceTree = "<group>"; };
		467880DA28268DDD00604160 /* LoginViewModel.swift */ = {isa = PBXFileReference; lastKnownFileType = sourcecode.swift; path = LoginViewModel.swift; sourceTree = "<group>"; };
		467880DC2826914B00604160 /* BaseViewModel.swift */ = {isa = PBXFileReference; lastKnownFileType = sourcecode.swift; path = BaseViewModel.swift; sourceTree = "<group>"; };
		467880E12826917700604160 /* BaseServiceProtocol.swift */ = {isa = PBXFileReference; lastKnownFileType = sourcecode.swift; path = BaseServiceProtocol.swift; sourceTree = "<group>"; };
		46839FD32834F8770087407D /* TweetingServiceProtocol.swift */ = {isa = PBXFileReference; lastKnownFileType = sourcecode.swift; path = TweetingServiceProtocol.swift; sourceTree = "<group>"; };
		46839FD52834F9230087407D /* TweetingService.swift */ = {isa = PBXFileReference; lastKnownFileType = sourcecode.swift; path = TweetingService.swift; sourceTree = "<group>"; };
		46839FD72834FB860087407D /* TweetingViewModel.swift */ = {isa = PBXFileReference; lastKnownFileType = sourcecode.swift; path = TweetingViewModel.swift; sourceTree = "<group>"; };
		46839FD9283501C40087407D /* TweetModel.swift */ = {isa = PBXFileReference; lastKnownFileType = sourcecode.swift; path = TweetModel.swift; sourceTree = "<group>"; };
		46839FDB283505040087407D /* FeedServiceProtocol.swift */ = {isa = PBXFileReference; lastKnownFileType = sourcecode.swift; path = FeedServiceProtocol.swift; sourceTree = "<group>"; };
		46839FDD283505550087407D /* FeedService.swift */ = {isa = PBXFileReference; lastKnownFileType = sourcecode.swift; path = FeedService.swift; sourceTree = "<group>"; };
		46839FDF283505F70087407D /* FeedViewModel.swift */ = {isa = PBXFileReference; lastKnownFileType = sourcecode.swift; path = FeedViewModel.swift; sourceTree = "<group>"; };
		469ABA83282462C900357D00 /* UIColorExtensions.swift */ = {isa = PBXFileReference; lastKnownFileType = sourcecode.swift; path = UIColorExtensions.swift; sourceTree = "<group>"; };
		469ABA86282464CE00357D00 /* RegisterController.swift */ = {isa = PBXFileReference; lastKnownFileType = sourcecode.swift; path = RegisterController.swift; sourceTree = "<group>"; };
		469ABA88282464DA00357D00 /* LoginController.swift */ = {isa = PBXFileReference; lastKnownFileType = sourcecode.swift; path = LoginController.swift; sourceTree = "<group>"; };
		469ABA8B28246EFB00357D00 /* Utilities.swift */ = {isa = PBXFileReference; lastKnownFileType = sourcecode.swift; path = Utilities.swift; sourceTree = "<group>"; };
		46A74309282D390D00053BC9 /* CaptionTextView.swift */ = {isa = PBXFileReference; lastKnownFileType = sourcecode.swift; path = CaptionTextView.swift; sourceTree = "<group>"; };
		46DBA47F283A751A00A37B32 /* Following+Follower+Label.swift */ = {isa = PBXFileReference; lastKnownFileType = sourcecode.swift; path = "Following+Follower+Label.swift"; sourceTree = "<group>"; };
		46DBA481283A80CE00A37B32 /* ProfileViewServiceProtocol.swift */ = {isa = PBXFileReference; lastKnownFileType = sourcecode.swift; path = ProfileViewServiceProtocol.swift; sourceTree = "<group>"; };
		46DBA483283A80E900A37B32 /* ProfileViewModel.swift */ = {isa = PBXFileReference; lastKnownFileType = sourcecode.swift; path = ProfileViewModel.swift; sourceTree = "<group>"; };
		46DBA485283A86C700A37B32 /* ProfileViewService.swift */ = {isa = PBXFileReference; lastKnownFileType = sourcecode.swift; path = ProfileViewService.swift; sourceTree = "<group>"; };
		46DBA488283B81BF00A37B32 /* ProfileFilterRow.swift */ = {isa = PBXFileReference; lastKnownFileType = sourcecode.swift; path = ProfileFilterRow.swift; sourceTree = "<group>"; };
		46DBA48A283B83E700A37B32 /* ProfileFilterCell.swift */ = {isa = PBXFileReference; lastKnownFileType = sourcecode.swift; path = ProfileFilterCell.swift; sourceTree = "<group>"; };
/* End PBXFileReference section */

/* Begin PBXFrameworksBuildPhase section */
		46500B65282318330000AC60 /* Frameworks */ = {
			isa = PBXFrameworksBuildPhase;
			buildActionMask = 2147483647;
			files = (
				4672026A28259F8900571BB2 /* FirebaseDatabase in Frameworks */,
				4672026828259F8900571BB2 /* FirebaseAuth in Frameworks */,
				4608B2D62829495B00AA37F6 /* SDWebImage in Frameworks */,
				4672026C28259F8900571BB2 /* FirebaseStorage in Frameworks */,
			);
			runOnlyForDeploymentPostprocessing = 0;
		};
/* End PBXFrameworksBuildPhase section */

/* Begin PBXGroup section */
		4608B2D7282971EF00AA37F6 /* Tweeting */ = {
			isa = PBXGroup;
			children = (
				4608B2DC2829720900AA37F6 /* Service */,
				4608B2DB2829720500AA37F6 /* Model */,
				4608B2DA2829720200AA37F6 /* View */,
				4608B2D9282971FE00AA37F6 /* ViewModel */,
				4608B2D8282971F600AA37F6 /* Controller */,
			);
			path = Tweeting;
			sourceTree = "<group>";
		};
		4608B2D8282971F600AA37F6 /* Controller */ = {
			isa = PBXGroup;
			children = (
				4608B2DD2829721F00AA37F6 /* TweetingController.swift */,
			);
			path = Controller;
			sourceTree = "<group>";
		};
		4608B2D9282971FE00AA37F6 /* ViewModel */ = {
			isa = PBXGroup;
			children = (
				46839FD72834FB860087407D /* TweetingViewModel.swift */,
			);
			path = ViewModel;
			sourceTree = "<group>";
		};
		4608B2DA2829720200AA37F6 /* View */ = {
			isa = PBXGroup;
			children = (
				4608B2DF2829C25900AA37F6 /* TweetingView.swift */,
			);
			path = View;
			sourceTree = "<group>";
		};
		4608B2DB2829720500AA37F6 /* Model */ = {
			isa = PBXGroup;
			children = (
			);
			path = Model;
			sourceTree = "<group>";
		};
		4608B2DC2829720900AA37F6 /* Service */ = {
			isa = PBXGroup;
			children = (
				46839FD32834F8770087407D /* TweetingServiceProtocol.swift */,
				46839FD52834F9230087407D /* TweetingService.swift */,
			);
			path = Service;
			sourceTree = "<group>";
		};
		46219E9C2827EB830043A3AC /* Components */ = {
			isa = PBXGroup;
			children = (
				46219E9D2827EB9F0043A3AC /* CustomButton.swift */,
			);
			path = Components;
			sourceTree = "<group>";
		};
		46219E9F28280D6D0043A3AC /* Core */ = {
			isa = PBXGroup;
			children = (
				46500B8F282335990000AC60 /* Extensions */,
				469ABA8A28246EE300357D00 /* Utilities */,
			);
			path = Core;
			sourceTree = "<group>";
		};
		46219EA028280D710043A3AC /* Feature */ = {
			isa = PBXGroup;
			children = (
				46219EA228280D810043A3AC /* Product */,
				46219EA128280D760043A3AC /* View */,
			);
			path = Feature;
			sourceTree = "<group>";
		};
		46219EA128280D760043A3AC /* View */ = {
			isa = PBXGroup;
			children = (
				46721BD82838529D00D28DD7 /* Profile */,
				4608B2D7282971EF00AA37F6 /* Tweeting */,
				46219ECA28280EE50043A3AC /* Notification */,
				46219EC328280EC20043A3AC /* Conversation */,
				46219EBD28280EA50043A3AC /* Explore */,
				46219EB028280E090043A3AC /* Auth */,
				46219EA928280DA90043A3AC /* Feed */,
				46219EA328280D880043A3AC /* Base */,
			);
			path = View;
			sourceTree = "<group>";
		};
		46219EA228280D810043A3AC /* Product */ = {
			isa = PBXGroup;
			children = (
				46A74308282D390100053BC9 /* SubViews */,
			);
			path = Product;
			sourceTree = "<group>";
		};
		46219EA328280D880043A3AC /* Base */ = {
			isa = PBXGroup;
			children = (
				46219EA828280DA20043A3AC /* Service */,
				46219EA728280D9E0043A3AC /* View */,
				46219EA628280D9A0043A3AC /* Model */,
				46219EA528280D920043A3AC /* ViewModel */,
			);
			path = Base;
			sourceTree = "<group>";
		};
		46219EA428280D8E0043A3AC /* Controller */ = {
			isa = PBXGroup;
			children = (
				46500B85282319CD0000AC60 /* BaseController.swift */,
			);
			path = Controller;
			sourceTree = "<group>";
		};
		46219EA528280D920043A3AC /* ViewModel */ = {
			isa = PBXGroup;
			children = (
				467880DC2826914B00604160 /* BaseViewModel.swift */,
				46219EA428280D8E0043A3AC /* Controller */,
			);
			path = ViewModel;
			sourceTree = "<group>";
		};
		46219EA628280D9A0043A3AC /* Model */ = {
			isa = PBXGroup;
			children = (
				46219ED328281CFC0043A3AC /* BaseUserModel.swift */,
			);
			path = Model;
			sourceTree = "<group>";
		};
		46219EA728280D9E0043A3AC /* View */ = {
			isa = PBXGroup;
			children = (
				46219ED1282812290043A3AC /* BaseView.swift */,
			);
			path = View;
			sourceTree = "<group>";
		};
		46219EA828280DA20043A3AC /* Service */ = {
			isa = PBXGroup;
			children = (
				467880E12826917700604160 /* BaseServiceProtocol.swift */,
				46219E95282713550043A3AC /* BaseService.swift */,
			);
			path = Service;
			sourceTree = "<group>";
		};
		46219EA928280DA90043A3AC /* Feed */ = {
			isa = PBXGroup;
			children = (
				46219EAF28280DE50043A3AC /* View */,
				46219EAE28280DE10043A3AC /* Controller */,
				46219EAD28280DDA0043A3AC /* ViewModel */,
				46219EAC28280DCD0043A3AC /* Model */,
				46219EAA28280DC30043A3AC /* Service */,
			);
			path = Feed;
			sourceTree = "<group>";
		};
		46219EAA28280DC30043A3AC /* Service */ = {
			isa = PBXGroup;
			children = (
				46839FDB283505040087407D /* FeedServiceProtocol.swift */,
				46839FDD283505550087407D /* FeedService.swift */,
			);
			path = Service;
			sourceTree = "<group>";
		};
		46219EAC28280DCD0043A3AC /* Model */ = {
			isa = PBXGroup;
			children = (
				46839FD9283501C40087407D /* TweetModel.swift */,
				4640FB522836D2830081E7A4 /* TweetUserModel.swift */,
			);
			path = Model;
			sourceTree = "<group>";
		};
		46219EAD28280DDA0043A3AC /* ViewModel */ = {
			isa = PBXGroup;
			children = (
				46839FDF283505F70087407D /* FeedViewModel.swift */,
			);
			path = ViewModel;
			sourceTree = "<group>";
		};
		46219EAE28280DE10043A3AC /* Controller */ = {
			isa = PBXGroup;
			children = (
				46500B8728231C3F0000AC60 /* FeedController.swift */,
			);
			path = Controller;
			sourceTree = "<group>";
		};
		46219EAF28280DE50043A3AC /* View */ = {
			isa = PBXGroup;
			children = (
				4608B2D2282944D900AA37F6 /* FeedView.swift */,
			);
			path = View;
			sourceTree = "<group>";
		};
		46219EB028280E090043A3AC /* Auth */ = {
			isa = PBXGroup;
			children = (
				46219EB228280E0F0043A3AC /* Register */,
				46219EB128280E0C0043A3AC /* Login */,
			);
			path = Auth;
			sourceTree = "<group>";
		};
		46219EB128280E0C0043A3AC /* Login */ = {
			isa = PBXGroup;
			children = (
				46219EB728280E230043A3AC /* Model */,
				46219EB628280E1D0043A3AC /* Controller */,
				46219EB528280E190043A3AC /* ViewModel */,
				46219EB428280E170043A3AC /* Service */,
				46219EB328280E130043A3AC /* View */,
			);
			path = Login;
			sourceTree = "<group>";
		};
		46219EB228280E0F0043A3AC /* Register */ = {
			isa = PBXGroup;
			children = (
				46219EBC28280E510043A3AC /* Model */,
				46219EBB28280E4E0043A3AC /* Controller */,
				46219EBA28280E4C0043A3AC /* Service */,
				46219EB928280E490043A3AC /* ViewModel */,
				46219EB828280E460043A3AC /* View */,
			);
			path = Register;
			sourceTree = "<group>";
		};
		46219EB328280E130043A3AC /* View */ = {
			isa = PBXGroup;
			children = (
				46219E9A2827E4C50043A3AC /* LoginView.swift */,
			);
			path = View;
			sourceTree = "<group>";
		};
		46219EB428280E170043A3AC /* Service */ = {
			isa = PBXGroup;
			children = (
				467880D628268BE000604160 /* LoginService.swift */,
				467880D828268BEA00604160 /* LoginServiceProtocol.swift */,
			);
			path = Service;
			sourceTree = "<group>";
		};
		46219EB528280E190043A3AC /* ViewModel */ = {
			isa = PBXGroup;
			children = (
				467880DA28268DDD00604160 /* LoginViewModel.swift */,
			);
			path = ViewModel;
			sourceTree = "<group>";
		};
		46219EB628280E1D0043A3AC /* Controller */ = {
			isa = PBXGroup;
			children = (
				469ABA88282464DA00357D00 /* LoginController.swift */,
			);
			path = Controller;
			sourceTree = "<group>";
		};
		46219EB728280E230043A3AC /* Model */ = {
			isa = PBXGroup;
			children = (
			);
			path = Model;
			sourceTree = "<group>";
		};
		46219EB828280E460043A3AC /* View */ = {
			isa = PBXGroup;
			children = (
				46219E972827147B0043A3AC /* RegisterView.swift */,
			);
			path = View;
			sourceTree = "<group>";
		};
		46219EB928280E490043A3AC /* ViewModel */ = {
			isa = PBXGroup;
			children = (
				467202742825B4F300571BB2 /* RegisterViewModel.swift */,
			);
			path = ViewModel;
			sourceTree = "<group>";
		};
		46219EBA28280E4C0043A3AC /* Service */ = {
			isa = PBXGroup;
			children = (
				4672026E2825AEE400571BB2 /* RegisterService.swift */,
				467202712825AEFC00571BB2 /* RegisterServiceProtocol.swift */,
			);
			path = Service;
			sourceTree = "<group>";
		};
		46219EBB28280E4E0043A3AC /* Controller */ = {
			isa = PBXGroup;
			children = (
				469ABA86282464CE00357D00 /* RegisterController.swift */,
			);
			path = Controller;
			sourceTree = "<group>";
		};
		46219EBC28280E510043A3AC /* Model */ = {
			isa = PBXGroup;
			children = (
			);
			path = Model;
			sourceTree = "<group>";
		};
		46219EBD28280EA50043A3AC /* Explore */ = {
			isa = PBXGroup;
			children = (
				46219EC228280EB70043A3AC /* Service */,
				46219EC128280EB10043A3AC /* Model */,
				46219EC028280EAE0043A3AC /* Controller */,
				46219EBF28280EAC0043A3AC /* View */,
				46219EBE28280EA90043A3AC /* ViewModel */,
			);
			path = Explore;
			sourceTree = "<group>";
		};
		46219EBE28280EA90043A3AC /* ViewModel */ = {
			isa = PBXGroup;
			children = (
			);
			path = ViewModel;
			sourceTree = "<group>";
		};
		46219EBF28280EAC0043A3AC /* View */ = {
			isa = PBXGroup;
			children = (
			);
			path = View;
			sourceTree = "<group>";
		};
		46219EC028280EAE0043A3AC /* Controller */ = {
			isa = PBXGroup;
			children = (
				46500B8928231C8D0000AC60 /* ExploreController.swift */,
			);
			path = Controller;
			sourceTree = "<group>";
		};
		46219EC128280EB10043A3AC /* Model */ = {
			isa = PBXGroup;
			children = (
			);
			path = Model;
			sourceTree = "<group>";
		};
		46219EC228280EB70043A3AC /* Service */ = {
			isa = PBXGroup;
			children = (
			);
			path = Service;
			sourceTree = "<group>";
		};
		46219EC328280EC20043A3AC /* Conversation */ = {
			isa = PBXGroup;
			children = (
				46219EC828280ED50043A3AC /* Controller */,
				46219EC728280ED10043A3AC /* Service */,
				46219EC628280ECF0043A3AC /* Model */,
				46219EC528280ECB0043A3AC /* ViewModel */,
				46219EC428280ECA0043A3AC /* View */,
			);
			path = Conversation;
			sourceTree = "<group>";
		};
		46219EC428280ECA0043A3AC /* View */ = {
			isa = PBXGroup;
			children = (
			);
			path = View;
			sourceTree = "<group>";
		};
		46219EC528280ECB0043A3AC /* ViewModel */ = {
			isa = PBXGroup;
			children = (
			);
			path = ViewModel;
			sourceTree = "<group>";
		};
		46219EC628280ECF0043A3AC /* Model */ = {
			isa = PBXGroup;
			children = (
			);
			path = Model;
			sourceTree = "<group>";
		};
		46219EC728280ED10043A3AC /* Service */ = {
			isa = PBXGroup;
			children = (
			);
			path = Service;
			sourceTree = "<group>";
		};
		46219EC828280ED50043A3AC /* Controller */ = {
			isa = PBXGroup;
			children = (
				46500B8D28231CA90000AC60 /* ConversationsController.swift */,
			);
			path = Controller;
			sourceTree = "<group>";
		};
		46219ECA28280EE50043A3AC /* Notification */ = {
			isa = PBXGroup;
			children = (
				46219ECF28280EFC0043A3AC /* View */,
				46219ECE28280EF70043A3AC /* Model */,
				46219ECD28280EEE0043A3AC /* ViewModel */,
				46219ECC28280EEC0043A3AC /* Service */,
				46219ECB28280EE90043A3AC /* Controller */,
			);
			path = Notification;
			sourceTree = "<group>";
		};
		46219ECB28280EE90043A3AC /* Controller */ = {
			isa = PBXGroup;
			children = (
				46500B8B28231C980000AC60 /* NotificationController.swift */,
			);
			path = Controller;
			sourceTree = "<group>";
		};
		46219ECC28280EEC0043A3AC /* Service */ = {
			isa = PBXGroup;
			children = (
			);
			path = Service;
			sourceTree = "<group>";
		};
		46219ECD28280EEE0043A3AC /* ViewModel */ = {
			isa = PBXGroup;
			children = (
			);
			path = ViewModel;
			sourceTree = "<group>";
		};
		46219ECE28280EF70043A3AC /* Model */ = {
			isa = PBXGroup;
			children = (
			);
			path = Model;
			sourceTree = "<group>";
		};
		46219ECF28280EFC0043A3AC /* View */ = {
			isa = PBXGroup;
			children = (
			);
			path = View;
			sourceTree = "<group>";
		};
		4640FB4F2836777E0081E7A4 /* Cells */ = {
			isa = PBXGroup;
			children = (
				4640FB502836778E0081E7A4 /* TweetCell.swift */,
				46DBA48A283B83E700A37B32 /* ProfileFilterCell.swift */,
			);
			path = Cells;
			sourceTree = "<group>";
		};
		46500B5F282318330000AC60 = {
			isa = PBXGroup;
			children = (
				46500B6A282318330000AC60 /* Twitter-Clone-UIKit */,
				46500B69282318330000AC60 /* Products */,
			);
			sourceTree = "<group>";
		};
		46500B69282318330000AC60 /* Products */ = {
			isa = PBXGroup;
			children = (
				46500B68282318330000AC60 /* Twitter-Clone-UIKit.app */,
			);
			name = Products;
			sourceTree = "<group>";
		};
		46500B6A282318330000AC60 /* Twitter-Clone-UIKit */ = {
			isa = PBXGroup;
			children = (
				46219EA028280D710043A3AC /* Feature */,
				46219E9F28280D6D0043A3AC /* Core */,
				46500B6B282318330000AC60 /* AppDelegate.swift */,
				46500B6D282318330000AC60 /* SceneDelegate.swift */,
				46500B71282318330000AC60 /* Main.storyboard */,
				46500B74282318340000AC60 /* Assets.xcassets */,
				46500B76282318340000AC60 /* LaunchScreen.storyboard */,
				46500B79282318340000AC60 /* Info.plist */,
				4672026428259AA600571BB2 /* GoogleService-Info.plist */,
			);
			path = "Twitter-Clone-UIKit";
			sourceTree = "<group>";
		};
		46500B8F282335990000AC60 /* Extensions */ = {
			isa = PBXGroup;
			children = (
				46500B90282335A80000AC60 /* UIViewExtensions.swift */,
				469ABA83282462C900357D00 /* UIColorExtensions.swift */,
			);
			path = Extensions;
			sourceTree = "<group>";
		};
		46721BD82838529D00D28DD7 /* Profile */ = {
			isa = PBXGroup;
			children = (
				46721BDD283852E300D28DD7 /* ViewController */,
				46721BDC283852E000D28DD7 /* Service */,
				46721BDB283852DD00D28DD7 /* Model */,
				46721BDA283852D900D28DD7 /* ViewModel */,
				46721BD9283852D600D28DD7 /* View */,
			);
			path = Profile;
			sourceTree = "<group>";
		};
		46721BD9283852D600D28DD7 /* View */ = {
			isa = PBXGroup;
			children = (
				46721BE0283866C900D28DD7 /* ProfileView.swift */,
			);
			path = View;
			sourceTree = "<group>";
		};
		46721BDA283852D900D28DD7 /* ViewModel */ = {
			isa = PBXGroup;
			children = (
				46DBA483283A80E900A37B32 /* ProfileViewModel.swift */,
			);
			path = ViewModel;
			sourceTree = "<group>";
		};
		46721BDB283852DD00D28DD7 /* Model */ = {
			isa = PBXGroup;
			children = (
			);
			path = Model;
			sourceTree = "<group>";
		};
		46721BDC283852E000D28DD7 /* Service */ = {
			isa = PBXGroup;
			children = (
				46DBA481283A80CE00A37B32 /* ProfileViewServiceProtocol.swift */,
				46DBA485283A86C700A37B32 /* ProfileViewService.swift */,
			);
			path = Service;
			sourceTree = "<group>";
		};
		46721BDD283852E300D28DD7 /* ViewController */ = {
			isa = PBXGroup;
			children = (
				46721BDE2838530300D28DD7 /* ProfileViewController.swift */,
			);
			path = ViewController;
			sourceTree = "<group>";
		};
		46721BE22839486B00D28DD7 /* Collection Headers */ = {
			isa = PBXGroup;
			children = (
				46721BE528394C4800D28DD7 /* ProfileViewHeader.swift */,
			);
			path = "Collection Headers";
			sourceTree = "<group>";
		};
		469ABA8A28246EE300357D00 /* Utilities */ = {
			isa = PBXGroup;
			children = (
				46219E9C2827EB830043A3AC /* Components */,
				469ABA8B28246EFB00357D00 /* Utilities.swift */,
				467202762825D58A00571BB2 /* Constants.swift */,
			);
			path = Utilities;
			sourceTree = "<group>";
		};
		46A74308282D390100053BC9 /* SubViews */ = {
			isa = PBXGroup;
			children = (
				46DBA487283B817E00A37B32 /* Custom */,
				46DBA47E283A750600A37B32 /* Label */,
				46721BE22839486B00D28DD7 /* Collection Headers */,
				4640FB4F2836777E0081E7A4 /* Cells */,
			);
			path = SubViews;
			sourceTree = "<group>";
		};
		46DBA47E283A750600A37B32 /* Label */ = {
			isa = PBXGroup;
			children = (
				46A74309282D390D00053BC9 /* CaptionTextView.swift */,
				46DBA47F283A751A00A37B32 /* Following+Follower+Label.swift */,
			);
			path = Label;
			sourceTree = "<group>";
		};
		46DBA487283B817E00A37B32 /* Custom */ = {
			isa = PBXGroup;
			children = (
				46DBA488283B81BF00A37B32 /* ProfileFilterRow.swift */,
			);
			path = Custom;
			sourceTree = "<group>";
		};
/* End PBXGroup section */

/* Begin PBXNativeTarget section */
		46500B67282318330000AC60 /* Twitter-Clone-UIKit */ = {
			isa = PBXNativeTarget;
			buildConfigurationList = 46500B7C282318340000AC60 /* Build configuration list for PBXNativeTarget "Twitter-Clone-UIKit" */;
			buildPhases = (
				46500B64282318330000AC60 /* Sources */,
				46500B65282318330000AC60 /* Frameworks */,
				46500B66282318330000AC60 /* Resources */,
			);
			buildRules = (
			);
			dependencies = (
			);
			name = "Twitter-Clone-UIKit";
			packageProductDependencies = (
				4672026728259F8900571BB2 /* FirebaseAuth */,
				4672026928259F8900571BB2 /* FirebaseDatabase */,
				4672026B28259F8900571BB2 /* FirebaseStorage */,
				4608B2D52829495B00AA37F6 /* SDWebImage */,
			);
			productName = "Twitter-Clone-UIKit";
			productReference = 46500B68282318330000AC60 /* Twitter-Clone-UIKit.app */;
			productType = "com.apple.product-type.application";
		};
/* End PBXNativeTarget section */

/* Begin PBXProject section */
		46500B60282318330000AC60 /* Project object */ = {
			isa = PBXProject;
			attributes = {
				BuildIndependentTargetsInParallel = 1;
				LastSwiftUpdateCheck = 1330;
				LastUpgradeCheck = 1330;
				TargetAttributes = {
					46500B67282318330000AC60 = {
						CreatedOnToolsVersion = 13.3;
					};
				};
			};
			buildConfigurationList = 46500B63282318330000AC60 /* Build configuration list for PBXProject "Twitter-Clone-UIKit" */;
			compatibilityVersion = "Xcode 13.0";
			developmentRegion = en;
			hasScannedForEncodings = 0;
			knownRegions = (
				en,
				Base,
			);
			mainGroup = 46500B5F282318330000AC60;
			packageReferences = (
				4672026628259F8900571BB2 /* XCRemoteSwiftPackageReference "firebase-ios-sdk" */,
				4608B2D42829495B00AA37F6 /* XCRemoteSwiftPackageReference "SDWebImage" */,
			);
			productRefGroup = 46500B69282318330000AC60 /* Products */;
			projectDirPath = "";
			projectRoot = "";
			targets = (
				46500B67282318330000AC60 /* Twitter-Clone-UIKit */,
			);
		};
/* End PBXProject section */

/* Begin PBXResourcesBuildPhase section */
		46500B66282318330000AC60 /* Resources */ = {
			isa = PBXResourcesBuildPhase;
			buildActionMask = 2147483647;
			files = (
				46500B78282318340000AC60 /* LaunchScreen.storyboard in Resources */,
				4672026528259AA700571BB2 /* GoogleService-Info.plist in Resources */,
				46500B75282318340000AC60 /* Assets.xcassets in Resources */,
				46500B73282318330000AC60 /* Main.storyboard in Resources */,
			);
			runOnlyForDeploymentPostprocessing = 0;
		};
/* End PBXResourcesBuildPhase section */

/* Begin PBXSourcesBuildPhase section */
		46500B64282318330000AC60 /* Sources */ = {
			isa = PBXSourcesBuildPhase;
			buildActionMask = 2147483647;
			files = (
				46839FE0283505F70087407D /* FeedViewModel.swift in Sources */,
				46A7430A282D390D00053BC9 /* CaptionTextView.swift in Sources */,
				4608B2DE2829721F00AA37F6 /* TweetingController.swift in Sources */,
				46839FD42834F8770087407D /* TweetingServiceProtocol.swift in Sources */,
				4608B2D3282944D900AA37F6 /* FeedView.swift in Sources */,
				467880D728268BE000604160 /* LoginService.swift in Sources */,
				46DBA482283A80CE00A37B32 /* ProfileViewServiceProtocol.swift in Sources */,
				46219ED2282812290043A3AC /* BaseView.swift in Sources */,
				467880DD2826914B00604160 /* BaseViewModel.swift in Sources */,
				467880D928268BEA00604160 /* LoginServiceProtocol.swift in Sources */,
				46DBA486283A86C700A37B32 /* ProfileViewService.swift in Sources */,
				469ABA89282464DA00357D00 /* LoginController.swift in Sources */,
				46219E9E2827EB9F0043A3AC /* CustomButton.swift in Sources */,
				467202752825B4F300571BB2 /* RegisterViewModel.swift in Sources */,
				46839FD62834F9230087407D /* TweetingService.swift in Sources */,
				469ABA87282464CE00357D00 /* RegisterController.swift in Sources */,
				46DBA48B283B83E700A37B32 /* ProfileFilterCell.swift in Sources */,
				46839FDE283505550087407D /* FeedService.swift in Sources */,
				46219E9B2827E4C50043A3AC /* LoginView.swift in Sources */,
				4640FB532836D2830081E7A4 /* TweetUserModel.swift in Sources */,
				4608B2E02829C25900AA37F6 /* TweetingView.swift in Sources */,
				469ABA84282462C900357D00 /* UIColorExtensions.swift in Sources */,
				46839FDA283501C40087407D /* TweetModel.swift in Sources */,
				46500B8C28231C980000AC60 /* NotificationController.swift in Sources */,
				4672026F2825AEE400571BB2 /* RegisterService.swift in Sources */,
				46219E982827147B0043A3AC /* RegisterView.swift in Sources */,
				46500B8E28231CA90000AC60 /* ConversationsController.swift in Sources */,
				46721BE628394C4800D28DD7 /* ProfileViewHeader.swift in Sources */,
				46219ED428281CFC0043A3AC /* BaseUserModel.swift in Sources */,
				46DBA480283A751A00A37B32 /* Following+Follower+Label.swift in Sources */,
				46219E96282713550043A3AC /* BaseService.swift in Sources */,
				467202772825D58A00571BB2 /* Constants.swift in Sources */,
				46839FD82834FB860087407D /* TweetingViewModel.swift in Sources */,
				46DBA489283B81BF00A37B32 /* ProfileFilterRow.swift in Sources */,
				467202722825AEFC00571BB2 /* RegisterServiceProtocol.swift in Sources */,
				46500B91282335A80000AC60 /* UIViewExtensions.swift in Sources */,
				467880E22826917700604160 /* BaseServiceProtocol.swift in Sources */,
				469ABA8C28246EFB00357D00 /* Utilities.swift in Sources */,
				46500B6C282318330000AC60 /* AppDelegate.swift in Sources */,
				46500B8A28231C8D0000AC60 /* ExploreController.swift in Sources */,
				46839FDC283505040087407D /* FeedServiceProtocol.swift in Sources */,
				46DBA484283A80E900A37B32 /* ProfileViewModel.swift in Sources */,
				46500B86282319CD0000AC60 /* BaseController.swift in Sources */,
				46721BDF2838530300D28DD7 /* ProfileViewController.swift in Sources */,
				46500B6E282318330000AC60 /* SceneDelegate.swift in Sources */,
				4640FB512836778E0081E7A4 /* TweetCell.swift in Sources */,
				467880DB28268DDD00604160 /* LoginViewModel.swift in Sources */,
				46721BE1283866C900D28DD7 /* ProfileView.swift in Sources */,
				46500B8828231C3F0000AC60 /* FeedController.swift in Sources */,
			);
			runOnlyForDeploymentPostprocessing = 0;
		};
/* End PBXSourcesBuildPhase section */

/* Begin PBXVariantGroup section */
		46500B71282318330000AC60 /* Main.storyboard */ = {
			isa = PBXVariantGroup;
			children = (
				46500B72282318330000AC60 /* Base */,
			);
			name = Main.storyboard;
			sourceTree = "<group>";
		};
		46500B76282318340000AC60 /* LaunchScreen.storyboard */ = {
			isa = PBXVariantGroup;
			children = (
				46500B77282318340000AC60 /* Base */,
			);
			name = LaunchScreen.storyboard;
			sourceTree = "<group>";
		};
/* End PBXVariantGroup section */

/* Begin XCBuildConfiguration section */
		46500B7A282318340000AC60 /* Debug */ = {
			isa = XCBuildConfiguration;
			buildSettings = {
				ALWAYS_SEARCH_USER_PATHS = NO;
				CLANG_ANALYZER_NONNULL = YES;
				CLANG_ANALYZER_NUMBER_OBJECT_CONVERSION = YES_AGGRESSIVE;
				CLANG_CXX_LANGUAGE_STANDARD = "gnu++17";
				CLANG_ENABLE_MODULES = YES;
				CLANG_ENABLE_OBJC_ARC = YES;
				CLANG_ENABLE_OBJC_WEAK = YES;
				CLANG_WARN_BLOCK_CAPTURE_AUTORELEASING = YES;
				CLANG_WARN_BOOL_CONVERSION = YES;
				CLANG_WARN_COMMA = YES;
				CLANG_WARN_CONSTANT_CONVERSION = YES;
				CLANG_WARN_DEPRECATED_OBJC_IMPLEMENTATIONS = YES;
				CLANG_WARN_DIRECT_OBJC_ISA_USAGE = YES_ERROR;
				CLANG_WARN_DOCUMENTATION_COMMENTS = YES;
				CLANG_WARN_EMPTY_BODY = YES;
				CLANG_WARN_ENUM_CONVERSION = YES;
				CLANG_WARN_INFINITE_RECURSION = YES;
				CLANG_WARN_INT_CONVERSION = YES;
				CLANG_WARN_NON_LITERAL_NULL_CONVERSION = YES;
				CLANG_WARN_OBJC_IMPLICIT_RETAIN_SELF = YES;
				CLANG_WARN_OBJC_LITERAL_CONVERSION = YES;
				CLANG_WARN_OBJC_ROOT_CLASS = YES_ERROR;
				CLANG_WARN_QUOTED_INCLUDE_IN_FRAMEWORK_HEADER = YES;
				CLANG_WARN_RANGE_LOOP_ANALYSIS = YES;
				CLANG_WARN_STRICT_PROTOTYPES = YES;
				CLANG_WARN_SUSPICIOUS_MOVE = YES;
				CLANG_WARN_UNGUARDED_AVAILABILITY = YES_AGGRESSIVE;
				CLANG_WARN_UNREACHABLE_CODE = YES;
				CLANG_WARN__DUPLICATE_METHOD_MATCH = YES;
				COPY_PHASE_STRIP = NO;
				DEBUG_INFORMATION_FORMAT = dwarf;
				ENABLE_STRICT_OBJC_MSGSEND = YES;
				ENABLE_TESTABILITY = YES;
				GCC_C_LANGUAGE_STANDARD = gnu11;
				GCC_DYNAMIC_NO_PIC = NO;
				GCC_NO_COMMON_BLOCKS = YES;
				GCC_OPTIMIZATION_LEVEL = 0;
				GCC_PREPROCESSOR_DEFINITIONS = (
					"DEBUG=1",
					"$(inherited)",
				);
				GCC_WARN_64_TO_32_BIT_CONVERSION = YES;
				GCC_WARN_ABOUT_RETURN_TYPE = YES_ERROR;
				GCC_WARN_UNDECLARED_SELECTOR = YES;
				GCC_WARN_UNINITIALIZED_AUTOS = YES_AGGRESSIVE;
				GCC_WARN_UNUSED_FUNCTION = YES;
				GCC_WARN_UNUSED_VARIABLE = YES;
				IPHONEOS_DEPLOYMENT_TARGET = 15.4;
				MTL_ENABLE_DEBUG_INFO = INCLUDE_SOURCE;
				MTL_FAST_MATH = YES;
				ONLY_ACTIVE_ARCH = YES;
				SDKROOT = iphoneos;
				SWIFT_ACTIVE_COMPILATION_CONDITIONS = DEBUG;
				SWIFT_OPTIMIZATION_LEVEL = "-Onone";
			};
			name = Debug;
		};
		46500B7B282318340000AC60 /* Release */ = {
			isa = XCBuildConfiguration;
			buildSettings = {
				ALWAYS_SEARCH_USER_PATHS = NO;
				CLANG_ANALYZER_NONNULL = YES;
				CLANG_ANALYZER_NUMBER_OBJECT_CONVERSION = YES_AGGRESSIVE;
				CLANG_CXX_LANGUAGE_STANDARD = "gnu++17";
				CLANG_ENABLE_MODULES = YES;
				CLANG_ENABLE_OBJC_ARC = YES;
				CLANG_ENABLE_OBJC_WEAK = YES;
				CLANG_WARN_BLOCK_CAPTURE_AUTORELEASING = YES;
				CLANG_WARN_BOOL_CONVERSION = YES;
				CLANG_WARN_COMMA = YES;
				CLANG_WARN_CONSTANT_CONVERSION = YES;
				CLANG_WARN_DEPRECATED_OBJC_IMPLEMENTATIONS = YES;
				CLANG_WARN_DIRECT_OBJC_ISA_USAGE = YES_ERROR;
				CLANG_WARN_DOCUMENTATION_COMMENTS = YES;
				CLANG_WARN_EMPTY_BODY = YES;
				CLANG_WARN_ENUM_CONVERSION = YES;
				CLANG_WARN_INFINITE_RECURSION = YES;
				CLANG_WARN_INT_CONVERSION = YES;
				CLANG_WARN_NON_LITERAL_NULL_CONVERSION = YES;
				CLANG_WARN_OBJC_IMPLICIT_RETAIN_SELF = YES;
				CLANG_WARN_OBJC_LITERAL_CONVERSION = YES;
				CLANG_WARN_OBJC_ROOT_CLASS = YES_ERROR;
				CLANG_WARN_QUOTED_INCLUDE_IN_FRAMEWORK_HEADER = YES;
				CLANG_WARN_RANGE_LOOP_ANALYSIS = YES;
				CLANG_WARN_STRICT_PROTOTYPES = YES;
				CLANG_WARN_SUSPICIOUS_MOVE = YES;
				CLANG_WARN_UNGUARDED_AVAILABILITY = YES_AGGRESSIVE;
				CLANG_WARN_UNREACHABLE_CODE = YES;
				CLANG_WARN__DUPLICATE_METHOD_MATCH = YES;
				COPY_PHASE_STRIP = NO;
				DEBUG_INFORMATION_FORMAT = "dwarf-with-dsym";
				ENABLE_NS_ASSERTIONS = NO;
				ENABLE_STRICT_OBJC_MSGSEND = YES;
				GCC_C_LANGUAGE_STANDARD = gnu11;
				GCC_NO_COMMON_BLOCKS = YES;
				GCC_WARN_64_TO_32_BIT_CONVERSION = YES;
				GCC_WARN_ABOUT_RETURN_TYPE = YES_ERROR;
				GCC_WARN_UNDECLARED_SELECTOR = YES;
				GCC_WARN_UNINITIALIZED_AUTOS = YES_AGGRESSIVE;
				GCC_WARN_UNUSED_FUNCTION = YES;
				GCC_WARN_UNUSED_VARIABLE = YES;
				IPHONEOS_DEPLOYMENT_TARGET = 15.4;
				MTL_ENABLE_DEBUG_INFO = NO;
				MTL_FAST_MATH = YES;
				SDKROOT = iphoneos;
				SWIFT_COMPILATION_MODE = wholemodule;
				SWIFT_OPTIMIZATION_LEVEL = "-O";
				VALIDATE_PRODUCT = YES;
			};
			name = Release;
		};
		46500B7D282318340000AC60 /* Debug */ = {
			isa = XCBuildConfiguration;
			buildSettings = {
				ASSETCATALOG_COMPILER_APPICON_NAME = AppIcon;
				ASSETCATALOG_COMPILER_GLOBAL_ACCENT_COLOR_NAME = AccentColor;
				CODE_SIGN_STYLE = Automatic;
				CURRENT_PROJECT_VERSION = 1;
				DEVELOPMENT_TEAM = 348T9RAC33;
				GENERATE_INFOPLIST_FILE = YES;
				INFOPLIST_FILE = "Twitter-Clone-UIKit/Info.plist";
				INFOPLIST_KEY_UIApplicationSupportsIndirectInputEvents = YES;
				INFOPLIST_KEY_UILaunchStoryboardName = LaunchScreen;
				INFOPLIST_KEY_UIMainStoryboardFile = Main;
				INFOPLIST_KEY_UISupportedInterfaceOrientations = UIInterfaceOrientationPortrait;
				INFOPLIST_KEY_UISupportedInterfaceOrientations_iPad = "UIInterfaceOrientationPortrait UIInterfaceOrientationPortraitUpsideDown UIInterfaceOrientationLandscapeLeft UIInterfaceOrientationLandscapeRight";
				INFOPLIST_KEY_UISupportedInterfaceOrientations_iPhone = "UIInterfaceOrientationPortrait UIInterfaceOrientationLandscapeLeft UIInterfaceOrientationLandscapeRight";
				LD_RUNPATH_SEARCH_PATHS = (
					"$(inherited)",
					"@executable_path/Frameworks",
				);
				MARKETING_VERSION = 1.0;
				PRODUCT_BUNDLE_IDENTIFIER = "com.meatlanosrep.Twitter-Clone-UIKit";
				PRODUCT_NAME = "$(TARGET_NAME)";
				SWIFT_EMIT_LOC_STRINGS = YES;
				SWIFT_VERSION = 5.0;
				TARGETED_DEVICE_FAMILY = "1,2";
			};
			name = Debug;
		};
		46500B7E282318340000AC60 /* Release */ = {
			isa = XCBuildConfiguration;
			buildSettings = {
				ASSETCATALOG_COMPILER_APPICON_NAME = AppIcon;
				ASSETCATALOG_COMPILER_GLOBAL_ACCENT_COLOR_NAME = AccentColor;
				CODE_SIGN_STYLE = Automatic;
				CURRENT_PROJECT_VERSION = 1;
				DEVELOPMENT_TEAM = 348T9RAC33;
				GENERATE_INFOPLIST_FILE = YES;
				INFOPLIST_FILE = "Twitter-Clone-UIKit/Info.plist";
				INFOPLIST_KEY_UIApplicationSupportsIndirectInputEvents = YES;
				INFOPLIST_KEY_UILaunchStoryboardName = LaunchScreen;
				INFOPLIST_KEY_UIMainStoryboardFile = Main;
				INFOPLIST_KEY_UISupportedInterfaceOrientations = UIInterfaceOrientationPortrait;
				INFOPLIST_KEY_UISupportedInterfaceOrientations_iPad = "UIInterfaceOrientationPortrait UIInterfaceOrientationPortraitUpsideDown UIInterfaceOrientationLandscapeLeft UIInterfaceOrientationLandscapeRight";
				INFOPLIST_KEY_UISupportedInterfaceOrientations_iPhone = "UIInterfaceOrientationPortrait UIInterfaceOrientationLandscapeLeft UIInterfaceOrientationLandscapeRight";
				LD_RUNPATH_SEARCH_PATHS = (
					"$(inherited)",
					"@executable_path/Frameworks",
				);
				MARKETING_VERSION = 1.0;
				PRODUCT_BUNDLE_IDENTIFIER = "com.meatlanosrep.Twitter-Clone-UIKit";
				PRODUCT_NAME = "$(TARGET_NAME)";
				SWIFT_EMIT_LOC_STRINGS = YES;
				SWIFT_VERSION = 5.0;
				TARGETED_DEVICE_FAMILY = "1,2";
			};
			name = Release;
		};
/* End XCBuildConfiguration section */

/* Begin XCConfigurationList section */
		46500B63282318330000AC60 /* Build configuration list for PBXProject "Twitter-Clone-UIKit" */ = {
			isa = XCConfigurationList;
			buildConfigurations = (
				46500B7A282318340000AC60 /* Debug */,
				46500B7B282318340000AC60 /* Release */,
			);
			defaultConfigurationIsVisible = 0;
			defaultConfigurationName = Release;
		};
		46500B7C282318340000AC60 /* Build configuration list for PBXNativeTarget "Twitter-Clone-UIKit" */ = {
			isa = XCConfigurationList;
			buildConfigurations = (
				46500B7D282318340000AC60 /* Debug */,
				46500B7E282318340000AC60 /* Release */,
			);
			defaultConfigurationIsVisible = 0;
			defaultConfigurationName = Release;
		};
/* End XCConfigurationList section */

/* Begin XCRemoteSwiftPackageReference section */
		4608B2D42829495B00AA37F6 /* XCRemoteSwiftPackageReference "SDWebImage" */ = {
			isa = XCRemoteSwiftPackageReference;
			repositoryURL = "https://github.com/SDWebImage/SDWebImage";
			requirement = {
				kind = upToNextMajorVersion;
				minimumVersion = 5.0.0;
			};
		};
		4672026628259F8900571BB2 /* XCRemoteSwiftPackageReference "firebase-ios-sdk" */ = {
			isa = XCRemoteSwiftPackageReference;
			repositoryURL = "https://github.com/firebase/firebase-ios-sdk.git";
			requirement = {
				kind = upToNextMajorVersion;
				minimumVersion = 9.0.0;
			};
		};
/* End XCRemoteSwiftPackageReference section */

/* Begin XCSwiftPackageProductDependency section */
		4608B2D52829495B00AA37F6 /* SDWebImage */ = {
			isa = XCSwiftPackageProductDependency;
			package = 4608B2D42829495B00AA37F6 /* XCRemoteSwiftPackageReference "SDWebImage" */;
			productName = SDWebImage;
		};
		4672026728259F8900571BB2 /* FirebaseAuth */ = {
			isa = XCSwiftPackageProductDependency;
			package = 4672026628259F8900571BB2 /* XCRemoteSwiftPackageReference "firebase-ios-sdk" */;
			productName = FirebaseAuth;
		};
		4672026928259F8900571BB2 /* FirebaseDatabase */ = {
			isa = XCSwiftPackageProductDependency;
			package = 4672026628259F8900571BB2 /* XCRemoteSwiftPackageReference "firebase-ios-sdk" */;
			productName = FirebaseDatabase;
		};
		4672026B28259F8900571BB2 /* FirebaseStorage */ = {
			isa = XCSwiftPackageProductDependency;
			package = 4672026628259F8900571BB2 /* XCRemoteSwiftPackageReference "firebase-ios-sdk" */;
			productName = FirebaseStorage;
		};
/* End XCSwiftPackageProductDependency section */
	};
	rootObject = 46500B60282318330000AC60 /* Project object */;
}
